{
  "7zip-bin@5.0.3": "QmPoEQLdmMMfYBHYg8NFzdj9EJmK5WoZtGM824CDizsZEA",
  "@develar/schema-utils@2.6.5": "QmQN4pSk6VbPYnBqyTD44e71doZDRPZ8TfwHqGZn5QPA2c",
  "@electron/get@1.12.2": "QmdK2RbYypSRtV1arg9J8owzpws4HD4HCEa6W7EkDV15nT",
  "@electron/universal@1.0.4": "QmfChxirkcJz7PHEaTdXiaYs4Da4dzcmc5KGriKFb4Hj75",
  "@malept/cross-spawn-promise@1.1.1": "QmXB8EVcRd6m98Hf3gwDFKaeHR5d6rAyWoercTxR3CnDn9",
  "@multiformats/base-x@4.0.1": "QmRJZUgtF7vb2uNpqRoirPbV9Bn1T85dc8tdzAs9iGtnBT",
  "@sindresorhus/is@0.14.0": "QmaLyk1yfDPm9VKCyM2E85JpV9vcDBzK28aFxqEZsukF4d",
  "@szmarczak/http-timer@1.1.2": "QmdtGtFLHyvs1eCve9neS1KqLBqccveNVipbTiX4mb1Wfd",
  "@tokenizer/token@0.1.1": "QmZsASgVKUUr8ridb6Loce3KShxikAt9HVgimHxfZbvZHh",
  "@types/debug@4.1.5": "QmXqwatFbjhnxnu1vxqABC24NWGHUnCc2TB1ytczAUAL7k",
  "@types/fs-extra@9.0.6": "QmfFPo6AoGvKTUVN8HtdXyKthNdiaRAWDCQZtoawrBAkCH",
  "@types/glob@7.1.3": "QmX2MHAehpdZR59mYpCR2WjVW5W3dcgCbjLLQmXiJnAxRz",
  "@types/minimatch@3.0.3": "QmNybhmPco9KPy37bJ2oLbDgZxoG3QM74eh2ZUbm6KKiQY",
  "@types/node@12.19.14": "QmeaW31oVxwAEP8GrKWN3HbwpLSEC27jWCnqkcHCaCaNQ2",
  "@types/plist@3.0.2": "QmP6K4W6t7QKfnfjR7YYTyEJhCEKmfqaqBm3RdGa2TnBp3",
  "@types/readable-stream@2.3.9": "QmS5WDhDWeSuEt1nMUA2LtFLkNaVLtGGq91ZWEVeJiNPqk",
  "@types/verror@1.10.4": "QmRGSjJKD9QTPEXVPa2RXeeWUoaSfnBNsoyYWEE8NeE2Jo",
  "@types/yargs-parser@20.2.0": "QmVJPssFXVDcr8NZgABTBv6WAPicTpv4LmSVfjfhtQX7LB",
  "@types/yargs@15.0.12": "QmQ6xL6sm4WUVYGY7eUM5Vq4vLnpM4kNecwHMjNK6ymQc7",
  "abort-controller@3.0.0": "QmSFBEbsDBWpVTaEZciswVhGFYwexmy9W9qDQe9EZWmxNH",
  "abstract-leveldown@6.2.3": "QmQZKcKooGs9bbvN7bKyznzC7Mz1Knj7DUvCj57Rd4pkfS",
  "ajv-keywords@3.5.2": "Qmd6dETLGJ5HvZDrbcviNby2K9avDYSKGyXMXSDnMR3Gs1",
  "ajv@6.12.6": "Qmagc5DgAwJkP6uvGqmHHwgDgcVpA3eorWfF7e5a4wPSkL",
  "ansi-align@3.0.0": "QmezLB8Kp8kekKFQcYW4Zy6c4V9LjKi192zxyxU6hocRp5",
  "ansi-regex@3.0.0": "QmRXJ9DBUjyZULfpybwHyBY6WRoJv7v2DNsTsDbYPDKjWA",
  "ansi-styles@4.3.0": "QmSRGNuricmWdb2GjNoNUCkhWpwXoQddswSxJph2PnxDRA",
  "any-signal@2.1.1": "QmcuVReK6dnjtvnzop7tdaH69HzMo28wPmaqp7nbb3gvJF",
  "app-builder-bin@3.5.12": "Qmcv5xgdSBLmzp7wUQdbsLfmBpVbcmwi4ab5cmrxTBvqNB",
  "app-builder-lib@22.10.4": "QmWeT8e5zWAXGpRidU9Q41dvoaQ6u7bkTFvmod54JJAAJ9",
  "argparse@1.0.10": "QmcH1UnuNdzYckFWqHf1xhzv6bRPAYyuCf5S7EobQz1k35",
  "asar@3.0.3": "QmWmAcmVNo3tFawqALszNw9ZaCXLXzixEZGb94yw1Gus9K",
  "asn1.js@5.4.1": "QmZbrXfJRbF82c17dxRduLcnVWDGzrdWibsV2i2zeGHj5u",
  "assert-plus@1.0.0": "QmSDiGNGJo3MewDz5cK7tQSA1JHpgqtE1rX9QCnaSHfPkT",
  "async-exit-hook@2.0.1": "QmetbZzZE3CkkeTqKMa75TWLv3KxV3pv8uEhwKMy7nPwyX",
  "async@0.9.2": "QmVcjNYRJLuoGVNAMZnCWHJZd2tvRmXM4Z7eSvjKcYdspE",
  "asynckit@0.4.0": "QmbEGg4bSbHTqh44wvPnFK4wMZzRU7Aay1X6QxifHWYV1R",
  "at-least-node@1.0.0": "QmYiGMaLhiDCSpXqNDCHDpUK8HfxtcquYPPxLTBxP4JZu1",
  "back@0.1.5": "QmaY1d39jnRogLB8m1XJaTftzyKFaZQMbjL2gbC8mXCa4o",
  "balanced-match@1.0.0": "QmUTVVeVwNNPHkhpCfz8fkqW8RFuvjYEtp1bwMvAb5xGvA",
  "base64-js@1.5.1": "QmQcWFwkWN4g6SVmpHa8mGaJggSJ6ShBM7HioPSvveMYL5",
  "bignumber.js@9.0.1": "QmPxhXpP3gZL4tr9mmom15Pr4sCXjMAWWHk5MeD6M4DD2C",
  "bindings@1.5.0": "QmfXThyaU9pPKQUJEn33c8tXdvaEKALJ7PDhzHaSaQW1D5",
  "bl@4.0.3": "QmW2pMgTopGRvaRwCuvE1KvD1Ftx4eUqtrqZqcDzfBVCFH",
  "blakejs@1.1.0": "QmYWWzxVaebVi57EmzQmvDK6DAc3v6UVSZziJ6U59xUSKn",
  "blob-to-it@1.0.1": "QmRVHvpAN1n1jdmgDyGtBM3AYUw6i6ytk6YYMU3UeyHtX5",
  "bluebird-lst@1.0.9": "QmRYhQt2uz9fpPS43b9owt5c5w9t4UKwngjJy8BY2Yb1xQ",
  "bluebird@3.7.2": "QmVd2KkcxUdqeUGwfEgNJ6kuS8wLW2ptpxtDZSX2sZfn8x",
  "bn.js@4.11.9": "QmbGsXDFTrAcCkH88kzHRkWN4eFDJVptj7YgEpBQwHLa5j",
  "boolean@3.0.2": "QmYNPQg9SfwZmbVbSJC7T8prxYF4faMU7Ai6sSH3xUEmxi",
  "borc@2.1.2": "QmR9kgzZhEmTMatmC3JgDqsHPevTvihj1MoZ3yHifd6QaS",
  "boxen@4.2.0": "QmeDW1iNsmqN3ShvUvyn9ZaxyeRqt7VfzMieTaLTTQaAAS",
  "brace-expansion@1.1.11": "Qmcr9sTCexj6FKFh9zycGkAXdHh8yU46QMmBUvcZQmKTnW",
  "brorand@1.1.0": "QmfQzTYumaEjRLSYt3MBn95uEAQWLB3uRwKsz2hrjtAhBy",
  "browser-readablestream-to-it@1.0.1": "QmUfyvhctEZUVaMzAKasFaTWuE6Y4HNHcVPhMTrV6nHtad",
  "buffer-crc32@0.2.13": "QmTNZDysZBiPZnnp4pu9ZuQBVWHPUzfKRHru5BKyY5yYXW",
  "buffer-equal@1.0.0": "QmULqFjMZcdnzfEdPSReFKsdCRNRYFJ5g3x9bYL9LYNkiu",
  "buffer-from@1.1.1": "QmWc4cYErvbRnhkVy4Y4t2UnomLPYgxGZSNCN4g4yDHQ1S",
  "buffer@5.7.1": "QmaUBDRD5NLLBiUv4cgDscKc6Tmzowx8WfWeUwYryRsFxh",
  "builder-util-runtime@8.7.3": "QmPKRK59rrd2xkvtjikLeeDJs1mD1vQsweraRsGi2sEbZJ",
  "builder-util@22.10.4": "QmUTPZDaygB3WyZAXXbxM1UqwVjQxGo2ibPR4vDbUuKk5x",
  "builtins@1.0.3": "QmcRg3NfNDVoJ9Vnptd2oPsFSGCvxrKb2Gk7bY1oAcwB98",
  "cacheable-request@6.1.0": "QmUKnnUbwim2m1oXP12haaMUot9iMhr1uPx7gXJJF5NWfU",
  "camelcase@5.3.1": "QmYMD3nuqEDE1A6ixVnm3wBQpYo71CYqBcj6n7A7gd2QH4",
  "chalk@4.1.0": "QmU3NSTHp8Gks7yiZnR8Fr5Ue9dpC6j8zaqBKDYCK8NZCw",
  "changes-stream@2.2.0": "QmdTWe67CACZjtNMWQsA2CTcdwpQAfhg1kzUd3chUj5Yta",
  "chromium-pickle-js@0.2.0": "QmaH67MBFitC1DTtbQXGqD6HcFN5A22dUWisST9nQz6Yx9",
  "ci-info@2.0.0": "QmWA3eaCrusYpp7qcVT51HqkCzSCWBefKQpeiQ5q9WncWd",
  "cids@1.1.5": "QmX6eTm8tygiNgEBUhyg7tsgCBERsEc8CqEXiWesYShBoP",
  "class-is@1.1.0": "QmPhUEtEujwFsaC3Jhdhh2EeTmQ6e7KVh2B9fgsw9744C5",
  "cli-boxes@2.2.1": "QmaGZpifmvzPt6tCZQgsjp6siUJSYsZH43gPixAGnCATJW",
  "cli-truncate@1.1.0": "QmVXoEwn2onVukxyWJzwJvdR2mCd1z7Yguo3YEDovNVFhT",
  "cliui@7.0.4": "QmVc26Tdq18thjRHVMYDmpBwBM9zqznuQ62hsaPxMo6r9o",
  "clone-response@1.0.2": "QmZJUKLgd2TxDiNwZZNdwvJNP8XcaUBqjxwmDwNGYTf1uR",
  "color-convert@2.0.1": "Qmb8dHgzks7rcAGyc8ApAhyMHLPNLYLGQWDKmiXtoAdZZW",
  "color-name@1.1.4": "QmSE1eUBUhsshvtCvqDwHSAMhhQggXeZQmhgtSvq51BYFC",
  "colors@1.0.3": "QmWSvQJzNsWMaiZnamB54iWbwfJYKUNVxP2nDBRDpaWdon",
  "combined-stream@1.0.8": "QmdSbuyxabcy8xsSDQCdcwvAbE47qf3fv65x2gteenTPPB",
  "commander@5.1.0": "Qmcne4ELunpbS8uJBNf29jp5tZa9mrR5BoXa2QFQft4Lzn",
  "concat-map@0.0.1": "QmVjKj1i6YaTfMNnR5irFaXbxQsjp2BoUoefeapg7Upt9C",
  "concat-stream@1.6.2": "QmRRFM3hDhVQ4DPiM6ZdM3T3EYPbc6CNJknka1P33ZD22r",
  "config-chain@1.1.12": "QmW5SEJyasicm6bc9zPvSKdBgzGt4KLYFdCecy6KGbQfgC",
  "configstore@5.0.1": "QmSGx64F4W6TjvBLYxZuSUwcsz8kzqmZfZRZBMvsBhjiqH",
  "core-js@3.8.2": "QmQsgDJw7gb3DHdVisHQJKTPJztPjWEjSr5tuhpbGo7Ayv",
  "core-util-is@1.0.2": "QmdhpDmBT6c9aFskKb4Qo6YvqBw6LtbyYZGUTLGhaRXihW",
  "crc@3.8.0": "QmXJjKfZvJF7qRiYfKzVDBY4u9zRw264bCyKRYhp7SSCQA",
  "cross-spawn@7.0.3": "QmVwsEzDzxCbJKU2yq1hc8QLMwtUNjHA2e1kQQsrjYrbag",
  "crypto-random-string@2.0.0": "QmW8aec4eAzng5kCPD2nxm7tWhnvSNyA2MkCQX6KKDYKKj",
  "debug@0.8.1": "QmRy1LKHGtjwS6QuYdpBqGQCGPZsQ1NrU8MVtAbgphZSKh",
  "decompress-response@3.3.0": "QmbReutVs2Mv5m9F3UeQQVRgPAtuicHkTobvRqxbM7Wx7t",
  "deep-extend@0.6.0": "QmcoqBjYRLmTDpxTLavEmgZz5Mj7N7qfiu8j946BAxAD9K",
  "defer-to-connect@1.1.3": "QmbJCoGu6VC1pNpfG92Kv6fibiftU5pE5PoDuqnr7cjUgN",
  "deferred-leveldown@5.3.0": "QmTqtHWUr8HwTiuSqrivAqMDFQJh1fr2MRHksYiFEiaF54",
  "define-properties@1.1.3": "QmabMDS3wGLZrv3vyPmRd6Jw1bbTy6t5e94vdLMT7EfJE5",
  "delayed-stream@1.0.0": "QmNqaErFDKX7V3oxCQv4X7Am8SbSgWsnzRpxawTdVzXLUp",
  "delimit-stream@0.1.0": "QmehcQKivyZPpt9Q19spXyWegpgMywFkvno2ALDAp67wc9",
  "detect-node@2.0.4": "QmeKmy4ZumYCTqwYPrF9wSaFJrwXYVerKSG8bo7tA3HEaB",
  "dir-compare@2.4.0": "QmSGjj1hbiaT4EZZbezLRXHuEK7rba4NmAkWeDVeAkfn5J",
  "dmg-builder@22.10.4": "QmYEvtpvT4ZaJgbAMXfpDAVk8zELG2KThfJmpUpjK7FcV6",
  "dmg-license@1.0.8": "QmXLEg4rpbp4QEvaMP81CM4wWhJWxkW7x2LttCS9asiquD",
  "dns-over-http-resolver@1.2.0": "QmSDs9NYRJk4D1FARds5NXvVg2vCGufKzqP3VkAvQFpdqb",
  "dot-prop@5.3.0": "QmPtirxFHFuQVBNSxHtXaHezCBoiUspsRQfET1xJS4Yst1",
  "dotenv-expand@5.1.0": "QmNeBBvUYYFGuXeHkg8hW1422N9szaozstKL3NREzZvXzJ",
  "dotenv@8.2.0": "QmW4wcdDQ6URamgGTpmoq7E752Z8soGkgAU7vYzRvPbDwB",
  "duplexer3@0.1.4": "QmQByVoRP7GPBK33jWCmTmivWmTQ2m3Lsm1VSVNpjhN88z",
  "duplexify@4.1.1": "QmYR4buGU5A82WWSK4qh35AEgo1mtg2VvVd6egyLi282Ac",
  "ejs@3.1.5": "QmSexxhAzu9qu5xrFKR1A54AYGpFeEbQfEXjx7tSTXzwY1",
  "electron-builder@22.10.4": "QmXW113NiytKE8AVv1nzRkq1wemyzTDNRC4fhcNy2WPCXx",
  "electron-fetch@1.7.3": "QmdhgMaaRqCD7ubdvmoczx9AQUN7HAk5at1B5jJqK5Swsk",
  "electron-publish@22.10.4": "QmVjSXUKLgXGQZJjxdkpTt2fHiCEYVTdpGVhNPRi6FtQMF",
  "electron@11.2.0": "QmaB1tdTAFak92HKsTJSbb4kzb9mCT98sExZFbSTVzXYUb",
  "elliptic@6.5.3": "QmYgLuY7c4aHtvc1ieW5H5pE4XPemx9fmp8i6VPm4HHawp",
  "emoji-regex@7.0.3": "QmQ9YTKeRbtPivydn29jKugymPjF6MWcaRUjH4yVBgsXU2",
  "encodeurl@1.0.2": "QmNwZPtVV4RK7AeeeqGz2j3UxULbd2rhQZRRTGb6ch37hk",
  "encoding-down@6.3.0": "QmXEvmXT28HUhoQWuHvUhziDHTucnu8B9zEmbHhDpoHaYR",
  "encoding@0.1.13": "QmR3y1sWvYWcsUyC65RemWjyfv8iFWDfGJKJjDmLBL2Xoi",
  "end-of-stream@1.4.4": "QmZuLry4LvwWX3VgTA4cmuCsaqkr7c25jDQTMkvbXNZAMX",
  "env-paths@2.2.0": "QmPeFbqx8v4DYwrUHNndSDzxjKUKMQvAdLvXsxv3ad2xTf",
  "err-code@2.0.3": "QmP6ikUC5rUm19mTW9RQiDenXT9sCfm6qEviSXjsXqfYC4",
  "errno@0.1.8": "Qmd7v9u83UQYVuuwdDEvSmyRu83ZY5d1MVuJk76obFnqoJ",
  "es6-error@4.1.1": "QmZJcSghwAoA944yc6L4JrthiHU52aiAQew84sHKLNTFFG",
  "escalade@3.1.1": "QmUC7Fp1Mu3CXz2sSnSsBoof7okFq5DZqoTgkZjgS6H6RK",
  "escape-goat@2.1.1": "QmaXTE8Xo6VmKPUB7zrTA6B6Z1sLKLCtkz1WgY8vXgCqEz",
  "escape-string-regexp@4.0.0": "QmbzHt1RGxotEoeC7PwTDCPRUsdCsHJLKiJgDwZQHBzAoK",
  "esprima@4.0.1": "QmVso12K7S9mwaaLrQJi6FPZz3WMXaj8VccAbff6X5Z5Gw",
  "event-target-shim@5.0.1": "QmcfS7GrBh7G4JCvQBfUD9YCSp5JY7bbSTdpifYDPwPWd6",
  "eventemitter3@4.0.7": "QmexQ2gvksjQVtSbwVeEprDKSfoN8zFbihCWWsarSwckdH",
  "extract-zip@1.7.0": "Qmdo874i9a4DFXvDmU2pM18LqbELoNBp2pMxuM9vgGgTnx",
  "extsprintf@1.4.0": "QmVZV4z9RFa4UFnZbugh5ZP3PzLxHKzHthTadg4qVxLwwi",
  "fast-deep-equal@3.1.3": "QmX8PzxbeSkgGUdRg8iEmeiqfi9u5mmdU4mL7YbsKsvyvu",
  "fast-fifo@1.0.0": "QmP11rWgsrNVfecrxDCSPZKK8aVqMMwgJiTuBB7QiGsCZD",
  "fast-json-stable-stringify@2.1.0": "QmPg4kyhNjVjSaWcWQrpGuVYYvEsqapFVwKx1uoG69dmj3",
  "fd-slicer@1.1.0": "QmQ5v3z6fv68YXAWea5KB2gsg6YEMher4bKmuzHT7NGdwL",
  "file-type@16.2.0": "QmWPMw33KdLYwexW9njoiPobHrab4vHQZbnqDmpG73GTJg",
  "file-uri-to-path@1.0.0": "QmVcJVuEGnfisSuHrGyt2HuQMggS8sKsT22Rz3M25PFXe9",
  "filelist@1.0.1": "QmYi6Ww2ge7C6BxqR9tnk2AbzM52gYKzkqqtnmCd17bE3p",
  "filesize@6.1.0": "Qmf3C678BmTd95ZYnpGo74N1Kxada4a7kNeioS3PSRrik6",
  "follow-redirects@1.13.1": "QmPEbttq8VDU9gmuAosX5jrdPFdCiwZF94U183yVPWYpZT",
  "form-data@3.0.0": "QmV4DB5GCkf1ZZikagxde7aSDjHhUdQzuhYBZDJobEvCuB",
  "fs-extra@8.1.0": "QmWDD5kp3aJ58iGcEjbKb2JGcjJgZ9NKfswd4tX3UJCNG4",
  "fs.realpath@1.0.0": "Qmf3dTA4sS1XjYcjmXmLLB31GLNrkxz7DEv4SzFXrCbgQ5",
  "function-bind@1.1.1": "QmZ5mYfdSkAGxRWDWhSTmyuT26WLWB5d86Lynywqc3TV1m",
  "get-caller-file@2.0.5": "QmPmL7tugVhg8JwNhVZSWJ6QksAmEE7Zw6xaKZaF36swzb",
  "get-iterator@1.0.2": "QmXckau3WcEyYieE6Q8G6KGJdLPpxYkt7mftfKKyn4kLpt",
  "get-stream@4.1.0": "QmcJ9sUjpGhc1aKfoy5ySwcSggxbBvbvXpqfGJEPtnv7gC",
  "glob@7.1.6": "QmQmWvUreNCtrzPcgWzkyHSBMACt15HkE53fsb5kUNoDNa",
  "global-agent@2.1.12": "QmbG6GtLj3fZwg5cDKxLfZpkhFqpGm1SuDw1dNBxyfN3BG",
  "global-dirs@2.1.0": "Qme2UHLUFAxVb3kHxDizemdRmfTB2RVtHpAduE1LeQ7Sxt",
  "global-tunnel-ng@2.7.1": "QmauZr2oURbHVh5SkW3frkfR5LKdTtaBmvaxMbuutPad55",
  "globalthis@1.0.1": "QmZnhrdY4QYPMHtT8Y5NfT33LUibdxRWgjhnQ5MMjkk2jm",
  "got@9.6.0": "QmSuHwXB7rmoVwutHPQBudmWdZkVgVY6m1GeHJN17qgFHR",
  "graceful-fs@4.2.4": "QmWVznUSVPC4kWUPYjiAgwSByqV7AQ4Uk5iWPsMgK2ruXB",
  "graceful-readlink@1.0.1": "QmVMq4ATDmVB4WGjqK4Q9hxbERdKACyYDSnpE3v4sBtF9r",
  "has-flag@4.0.0": "QmRMBawif5Eys73BnMwnjTj3Kj9LUb2GCH4ugnZRiubgyA",
  "has-yarn@2.1.0": "QmerSejW8dh3rnAmt8GABZ9sucjUcSi6ZyVixRhJc2KPhg",
  "has@1.0.3": "Qma2CPQci48wssnaWcZzYe3k7Q8LhdWSfXeCQkRDTuM28A",
  "hash.js@1.1.7": "QmexHM3jbjttiwkejgG2znVB4dHMW7fGdWCYXT66tty9Yd",
  "hmac-drbg@1.0.1": "QmNtvZPFRuXk2k7tdVBpyqyQDNGDPFWUNJhmBowbuPiGgn",
  "hosted-git-info@3.0.7": "QmaiKQUYVxqXfCh2wptwuRMPCMRFUR4dkS3N6xiiET2Vc4",
  "http-cache-semantics@4.1.0": "QmWkWfTRFykqpiMaTUymYTsPqpmqJ8ykgwAE7ow1jXPKuF",
  "http-https@1.0.0": "QmPQUuAVBP2UNk4hZ2bsFqiYydxQh85NDvR5HDWqrAov5p",
  "http-proxy@1.18.1": "QmVQ1X3uos8bZ86pyCNwc6zLyeAq1SdqVXAeFmSDgSo95T",
  "iconv-corefoundation@1.1.5": "QmdYyfX291a5YjxbSLDY8eTcr3XW4T7jgXCFEWCh98br6G",
  "iconv-lite@0.6.2": "QmascRJWeiHWF5tYiqq1n7dDcGXX1YV5jRvKeEC3CrtNAd",
  "ieee754@1.2.1": "QmcuDGFMXP877Mg3JSPdhTmCMH2zVSEv9kzZscfGQtQFjs",
  "immediate@3.3.0": "QmTGn9ME6wWnLUNCcvMm9zQ9fHGCPs8XNptqp5zFLo8D5A",
  "import-lazy@2.1.0": "QmQXjpFSRs7C9Pjs3wEqBTBy2tAkNpH8eynSaLfyogHgd4",
  "imurmurhash@0.1.4": "QmRHMXdK4F3u1UbGHQ9yQ3oBp2k1jrqJLckubEzmxkmPbY",
  "inflight@1.0.6": "QmXFPYNfZMNA12TJivqERdzA5XmuEcQwGWeG5bW7gvQ47C",
  "inherits@2.0.4": "QmUscE2473BTP7A35iaB5dgbNLp4m5wqQuLZBenPv2ZZFM",
  "ini@1.3.8": "QmRmekjuJPawDq3oeMRWs5EEXV5FhG7dmGyxNkaGCCCd5m",
  "ip-regex@4.2.0": "QmdJa6DnW5uH8HiJwNsEYkfX6fTgmuepaQ3sdtNahJfZme",
  "ipfs-core-types@0.2.0": "QmZpzVpBWNXpGxB9rXMrpTJfS4KzzVxXSjbaMv2VQDYHU7",
  "ipfs-core-utils@0.6.0": "QmQZsbW1FRoZA6c75KawuRsWu9WcJryQ8ohZFGtJD3ZVKr",
  "ipfs-http-client@48.2.0": "QmNeK7XvT6JvUr6iuXT3rtmoBgRTdvykNGWFdgbQbGb7jP",
  "ipfs-http-response@0.6.1": "QmYYAxbJuGzcW7ZkkLpe8u8iLdpKCd9DdSQ4epzXVLiNkA",
  "ipfs-utils@5.0.1": "QmQrQVuMMEgUY39WoyXsGe4FsBFp4CsfFsRbUxG6sQDxbT",
  "ipld-block@0.11.0": "QmaqFMkQJuDGjzeRx66b64nX56JeaYDRif3ny88WLNWc6s",
  "ipld-dag-cbor@0.17.0": "QmbL8uzM1wysPBGghktKVmrf9zCcvuxyrtAQzuKywfWrZz",
  "ipld-dag-pb@0.20.0": "QmQnccQ637c2ayP2t3PnX2C7g2EVm9WFhWcZGbAChGi1Ea",
  "ipld-raw@6.0.0": "Qmd3whXLiVZX2xgSgimiDNSDm155W2upvH5Le5UPd3Lzzx",
  "is-ci@2.0.0": "QmaLWi4nXWzQ5TC7UsZ2YU8H2zEGpkDbr261KTEE7xTU2h",
  "is-circular@1.0.2": "QmR6chfin98ABdvy1h3DoRbUGa89SxF1fzqtcFM4mfgrbn",
  "is-core-module@2.2.0": "QmcRwKo7S9bmqFNg1oH16AYmP2eBejbk7dsgft69jHvhKc",
  "is-electron@2.2.0": "QmT7MkaVQr5RZ2r3AS69hQWpF3uYb6LdmAvDS33qRjghdS",
  "is-fullwidth-code-point@2.0.0": "QmbzcMFtCqCNbERM7MxHSdS4KVG9Tr74GyTzBhfaSVeHWN",
  "is-installed-globally@0.3.2": "QmeNyss874XxLq5BKqivKdfbKUHR95X2H34NcZ6eMUR5Rt",
  "is-ip@3.1.0": "QmNqoVcY5ckeZYP7HoKrC4hkJ556MuDSLcjvaD6zxez1Mr",
  "is-npm@5.0.0": "QmUL1KMetbUAKprryUhq9srgF4D3Zu1tJMmV1MADAuZ4o7",
  "is-obj@2.0.0": "QmVHiM4wdWaD4anqDKCEcnMYkp1Lg8deSB2o1GFxpZY7Ne",
  "is-path-inside@3.0.2": "QmePdjSx3Cn5eX1ARmYzG4WuhBghWm8ww2uZZQSLJXB97W",
  "is-plain-obj@2.1.0": "QmZzfmUt1GPg7EF8iGUp7Bb9iHYnB4Yo1fq22Kv7dRUm7s",
  "is-typedarray@1.0.0": "Qme6krDfnyEjC9ohBdL6zA8JBLHW6Ps32H3BbYwbeFEKJo",
  "is-yarn-global@0.3.0": "QmXzHf5Ab57LeVpcHsyHQopBh4RvDwduB7ofs4wcgSfphR",
  "isarray@0.0.1": "QmYmd7CuZAYsRLnhuTDDWAomhKAEcJivigVmunrQ6azdMi",
  "isbinaryfile@4.0.6": "QmehqBeuFqe7DXghM1Civb2qRFdZBUtoGR6mjMYT6NEaHG",
  "isexe@2.0.0": "QmUJzpt17LpMcAVvC2mycsiB1jQCxQN9Lh7KHMduaEyrAx",
  "iso-constants@0.1.2": "QmUxuBqnRaNAJSbx6UBhRp3YUgkUn7GUZeCwgQ3K6DkEZ5",
  "iso-random-stream@1.1.1": "QmZYJJhE59k4dLk8UaTbdSAB91FFU1rYnpybgePuTC44cY",
  "iso-url@1.0.0": "QmWYJaiNfhcovaCPworCb4fZPLnhiuEkEYcX1XUT4Qce99",
  "it-all@1.0.4": "QmTwLUUgpJLwmePKoWZnZJrFyCWWabHGLxU5F7sfn7vzES",
  "it-buffer@0.1.2": "Qmen1fjYKzYzudVPfMmvqbDcRd7HDJpveQzbmzWfXNRpA7",
  "it-concat@1.0.2": "Qmbz72V6ZvF1mm9RxZrJd9wRrPgBSrJhqB4VFQKimirCDb",
  "it-glob@0.0.10": "QmX8qef7RU9JdAbkvdpsNrWNe2BRLFNbnawMQRFj8KQD8C",
  "it-last@1.0.4": "QmRbtPS8aQDHQmjXdg2q1VxTgMB4jn6fqZ9RDmVP3iqBkL",
  "it-map@1.0.4": "QmdNe6Mk67dr8fhfBRfiVRX1Y9w5XsgPHSApnp4Hdoycsp",
  "it-peekable@1.0.1": "QmcPcLRbpeFzjTYcdew5TH2mSmTvJtRKdoFeBxLVk1ZKKc",
  "it-reader@2.1.0": "QmSAF4FNsmowxnxcXnmRExJy5uXfAiNuFokvu9f9mmyaKc",
  "it-tar@1.2.2": "QmQkBL5BCGhAbak7UoMxQVKXc55Xw3EmcjBRsBAxDX9J1d",
  "it-to-stream@0.1.2": "QmRkiYimzoECMczFUcioTx6r9i7gJvw4ziHa7VzhwPSAad",
  "jake@10.8.2": "Qmc7gzAiDkKU97C4ig4y7EV4M11jctkhq8jfUHDg2yqzF7",
  "js-sha3@0.8.0": "QmcFcghr8AeTEQBJritnLmR3HZRGEPM8fUGf7pnGPWcZYc",
  "js-yaml@3.14.1": "QmViEAXPHrg3YDwr8BXJYGcj9dsfaKhjMge8few4mv2GZa",
  "json-buffer@3.0.0": "QmSQ9NDj4phLt6Z4qwDUHKZ4o26KGNXiBbYZdoxZkptTwV",
  "json-schema-traverse@0.4.1": "QmbMRP77nEbhrcd6vR8ZbsbdAAQwB6gMB9uJ694FU3e4DZ",
  "json-stringify-safe@5.0.1": "QmTMivNeYdL5r7b8xRki1akm5Kte4KzEiw3WV6TrFuy7R4",
  "json-text-sequence@0.1.1": "QmP9rswTe3cz9rvuypqktr5Bw3LTqR5wR9s8GUMFnfADnP",
  "json5@2.1.3": "QmfWVQauEcC79DqzjWhpQSow3aepqm4bwFf7pjKZeokrq7",
  "jsonfile@4.0.0": "QmZU9Jp5ejNgJGpn1fZ6ZxL2dnr9T8yeLj7PPfL9grSzoE",
  "keypair@1.0.1": "QmXVVNx6aunQkkM7wQbeKdm9R6iPFc7xXRt6tFV5diNGgP",
  "keyv@3.1.0": "QmTtNGohVRba6w5EeSAUyVCioBpzmBFscZ7zhHXUb3e68x",
  "latest-version@5.1.0": "QmdCiaoCSYo7PYvSy8cGo3waV2rNG7KBNgHXmupX5r4a73",
  "lazy-val@1.0.4": "QmfDSEaQfPzy3XVGXz2teppuXhU7qhaJBwwjmdWZUuwJoR",
  "length-prefixed-stream@2.0.0": "QmaKVSNTqAaT8QQT7tPzK2cKeq2HuXRBCQqihw5w3542Nx",
  "level-codec@9.0.2": "QmaRcjuoqidrAk9Zvyfv5ivWtcqtrWXbeRJg33E5qkna4s",
  "level-concat-iterator@2.0.1": "QmZ9wXEf5F7w1qaATTNK927W5SQCyMSs2M8z81EATbZ46y",
  "level-errors@2.0.1": "QmZPFxBFCAKhriCnFPTi8N8Bj7FcfYYWEP5NESqJmq7kkX",
  "level-iterator-stream@4.0.2": "QmVFepbevikHm8hzEHerNyfK3H3J5ukXmryUKWAY2JzaeJ",
  "level-js@5.0.2": "QmTMfGSk6Ags2vj3k1zRaMn4nrBiYkauaUFj4zCdv3WkrT",
  "level-packager@5.1.1": "Qmea1jKrhwMkBSkv8xzPsUX8vBrJzFmwEUACAUfpohHzhv",
  "level-party@4.0.0": "QmP4u8dzVTACZANwrNcpLchiatxcoycWv957UkBaXdT4vs",
  "level-supports@1.0.1": "QmRAJHv4tfiYATGDbVZkRBXRWHPcgxiQZsx1fhovUMYGMg",
  "level@6.0.1": "QmS39WgPYHHWjStnQN8adJtMJPkVM1SUNXMYq1dMRZ6CLj",
  "leveldown@5.6.0": "QmegHaT6FADGBE5sTdJxu9oCm8XCudHL2hY55Rjg1CzroD",
  "levelup@4.4.0": "QmfRmxFafzb7tz3W3GYPdqTSZkPRncqCa2emxAnbeRDP4e",
  "libp2p-crypto@0.18.0": "QmaLUyRZQz9veBhDCEdCAWHfesRLsNb5DBVpmKQYgRrgWY",
  "lodash@4.17.20": "Qme2ZGwDHSeqNf1NMJ927wAZozH9xsN4fMVMJaYkqvjmqo",
  "lowercase-keys@1.0.1": "QmUaJZ8nfAPLyC6zGYbvxGfPkmnzs4BcxXECHYyXsiC7Ea",
  "lru-cache@6.0.0": "Qmb9eDUHE5NeCC4612nkCwKRZdVufh4xrhMSSU9JUx6A3n",
  "ltgt@2.2.1": "QmSxTBwinnaHgGPznFfVnJLRnh3tauXgPSS8qwS4a8U6px",
  "make-dir@3.1.0": "QmQab9oG5sLJBT1UnoK2KwKPCTJXprkniZERC1pbSZNNgx",
  "matcher@3.0.0": "QmVe1bSsG4u2oNwF9TxJ8XqUpkWpCZVFNrUeYXpgFCXEVX",
  "merge-options@2.0.0": "QmZQuERAWnoWV7SNBb1pwxqa5xYaJJbv37QECqP9jFSjpR",
  "mime-db@1.45.0": "QmQwzT2yYTVeeTjKtkdi6xrL5c2gzZNXQw8iaF2qibmUyp",
  "mime-types@2.1.28": "QmPbP779zSCmwVNVQDKxHtBCuAkisjjSBp6wPcrvcXEdM7",
  "mime@2.4.7": "QmPTW6kpuMwvsMLe4DfKgnouesMpLtx4QAZtoa1t9W3XqU",
  "mimic-response@1.0.1": "QmY5ung1tLp44tTWV1NpNXVcLM4DhGtiRXy2YWvvwRuztW",
  "minimalistic-assert@1.0.1": "QmZr4zV3CeomPMaUFcSThEYEqLfxrAieFRkijhG7iGBJP1",
  "minimalistic-crypto-utils@1.0.1": "QmWsejJhz5JKv6Kcy6QxszPBD3HYw8sCZqErNuVf45RaeG",
  "minimatch@3.0.4": "Qme47yUYEuM4EpeQcBwdZ8dM7FE1cpEqZeYXxDCB57vYvo",
  "minimist@1.2.5": "QmNn2bmACWVsEnzPgtuo5nsuVQrGeNUsZQsp53Znmo4VzS",
  "minipass@3.1.3": "Qmf5cypggGNmJTVXFoDL2MgUNHMFwBuDj4uKAV3YFXWjsq",
  "mkdirp@0.5.5": "Qmaiv8Q9i23awWekrEu6j7BwYCTgeQwsZgYLrrvEUutAJe",
  "ms@2.1.3": "QmYbRCUBFbxPZWpXcd1qg9BhYpbrUq6rhpAevR6jn6QMXc",
  "multiaddr-to-uri@6.0.0": "Qme7mhvbk9cAkApMwMK9BN47pyKTGGHqtkb45rxhA6Q3xc",
  "multiaddr@8.1.2": "QmZJpNjFgNUCA9UnA8LcQcW2Ygzv7NawtSKXSXCJumCQpQ",
  "multibase@3.1.1": "QmXwxkU7YkABQ5UQ4nLqauVn6vk26evowbaMr2V2P96yrT",
  "multicodec@2.1.0": "QmcTj84RdzetwSqLUjSMReCTUoWsuZMmiPM44oof6XekFW",
  "multihashes@3.1.1": "QmdN5P8cEA71f46nH3U4zAWZzKJm4wwzq67U93ieHdY11t",
  "multihashing-async@2.0.1": "QmdLBvS1BvPc1az89m24tdPMpB3fxgEBsUCm6duD8Pxx88",
  "multileveldown@3.0.0": "QmNNCjTDrowqeLQTGVZnPYsNys5iLBMvQVMzh1xTTArEo8",
  "murmurhash3js-revisited@3.0.0": "QmTDpLvQ1c5SXZZmbtMmngL9qws9jXNhhxLyYEUbyT5pZ5",
  "nan@2.14.2": "QmZK6rYtX4JgG8hrtNGMTyzwSPBNRkgUHBXztMuaTVXdBv",
  "nanoid@3.1.20": "QmbGEuTJLSsdyDdcnugjnL7rBqzQpuUPECgifhsTRVM6QV",
  "napi-macros@2.0.0": "QmbTRyr73ixz7yjw7KNcWSQo1gTFkVSQU5FAExMEi35v2R",
  "native-abort-controller@0.0.3": "QmVb35QFgsPTZjgS2BnGFrBxyKmVkC28iuGYYepcppKGp6",
  "native-fetch@2.0.1": "QmV78veK1Y3x7ags1ogFHqMgzuR7JNgeT23iUCDfQEDe47",
  "node-addon-api@1.7.2": "QmTYbvzeNPbpzd4NSWHJ6Ex8YAGs7evea9HSa972JEc4N8",
  "node-fetch@2.6.1": "QmQybHWcSqHSiCDBXjTTgZ6a9tmg7zs5YXX63ABF5N2QMN",
  "node-forge@0.9.2": "Qmb27C3Qdn5jbbeFjBe48rNjxoy3DR6S2Y79LD1Ft7eHc3",
  "node-gyp-build@4.1.1": "QmeJjXe2RvtWtHWBWyNabjcTzf2hqVCYpcSzzpx7kgxY9E",
  "normalize-package-data@3.0.0": "QmamQx6euuzRCaRm5geQfom1nSLxKBtsTw4rssAH7ZeX3z",
  "normalize-url@4.5.0": "Qmaf5m42W9c2rLqsG5TdpXEc4ezqSHtZkz3UXRUGY8Hw9i",
  "npm-conf@1.1.3": "QmVyVEVvi7hhFx1SnzBnHXE77a6hfmr6assceebcDWyQuT",
  "numeric-id-map@1.1.0": "QmZBrpbd2a5oRXwr4iUijK8dmHt751pu79uXz27ZnCkXkn",
  "object-keys@1.1.1": "QmdK8P7xvdWo7a3zgUax5hVqb3HqG7jVuYXZc6a5uQy2mJ",
  "once@1.4.0": "QmWWjSDGUkm8m5pYvpoigNDLD9WvpVtZgd5cLmxTwRidHj",
  "p-cancelable@1.1.0": "QmQhLBLx7ixTtRXw3mBmzqBdoNrJXFdTwyDz8U3TMX4nEB",
  "p-defer@3.0.0": "QmSZhc6Eef33JvUarxRTGTkmdJ3u3SNKH3AseRGjgk4xpu",
  "p-fifo@1.0.0": "QmR1EzA58wAehuPtjBix5LEAwUyTWDkgYuWT7fHuhyrq6N",
  "p-try-each@1.0.1": "QmUeuAQVbHPwGo41ghwLGw8vVyP7tmjN5FqVZQMF4m1zKq",
  "package-json@6.5.0": "QmPjCNFqsYyH8e32duAXRUw6j4kBA2EUJQna4vibyjcb9C",
  "parse-duration@0.4.4": "QmW4mRyYuFzmxW9FoPNUbUDLvgDBnQU4fQJrSA1PVmB1AL",
  "path-is-absolute@1.0.1": "QmfUoYkfASJdZUF2YMXnpg16mwASi94KfWPpno5PSpreXY",
  "path-key@3.1.1": "QmPZYbH2LA2EPMYA37m3EyC2ijkKA3GYaeQuLjeW28W5gz",
  "path-parse@1.0.6": "QmfJfAyEJYLrpdrHKBJSTTGHxxsNcqAsnUKFZc3cjnycJh",
  "peek-readable@3.1.3": "QmQW2TxHuyUvFtuKtjqcoTsnunBU7ECfon6FDFGi86K2C9",
  "peer-id@0.14.2": "QmRktg4mBZTUkiAFMbESturKeSWEUcg9mPVGdgbNbtjayX",
  "pem-jwk@2.0.0": "QmWb2J8Kzh2EWC81xXNaLUk6Aepfvk2EV4id8GCxk9m3UB",
  "pend@1.2.0": "QmTcvYiMDBykcej8jy4r9nRZX2D3uvosPGBDxcmR1y7Qqb",
  "pify@3.0.0": "QmZp3yLsnm32J8FSXLzuMp2baqBrWXHVGY62KNmNb1rHwo",
  "plist@3.0.1": "QmNuYcmUrGxQk2vYJBVubcqpwt12CnYcJpnKRXyTHpeuTB",
  "prepend-http@2.0.0": "QmZzW3SdXNXVW5yjrqeXWgpERdp1g3fQ3LFQ7LtazLxaME",
  "process-nextick-args@2.0.1": "QmWd8eyoYpqtvQsdpa5sPvUmF7uLxzGFbCr88fT9NZFDWD",
  "progress@2.0.3": "QmVvhj4cVgGZtmB8Yu6BXCbEMagzFaoXouh65L1cFewciB",
  "proto-list@1.2.4": "Qmbyz6stdT2dJnLHpPXWkC6GyKRo1RPhhe23FswRPFJ68K",
  "protocol-buffers-encodings@1.1.1": "QmRpCnfPwkNwTQBeEKEJB91Unpx4uHcZ1akLw1QLUZ82rc",
  "protocol-buffers-schema@3.4.0": "Qmdu5iVUeT478CsufKXChhbiNKjAQp9PV4u78NxtMdUySA",
  "protons@2.0.0": "QmfG54zxbTCxWXS3b4XwFnvwgnEqZtJbYzN2YSK7zeugMJ",
  "prr@1.0.1": "Qmc92xRnsdgJwZtM2Fy3VPchkwk6gBHEsgb4aRKM4mrDy7",
  "pump@3.0.0": "Qmf85r3Uy86uXdFCHxrJ8i7imLcL6roCsM4WPyb9XSwNYH",
  "punycode@2.1.1": "QmZgT5SJP7YhaWbtVLvACr5j6QxBK8dzgnTXqAE9bY5T1Z",
  "pupa@2.1.1": "QmPtgJQP2Md2Ut4owWJMCHFd4NAd6ZfZZ843EoxtCjtrYY",
  "rc@1.2.8": "QmVyjr5NyXwvk783vChRNB8M2khmNoiPeozzPtBijmAkoC",
  "reachdown@1.1.0": "QmcjpT8VdSjUynx5SirVgmMUqVWjiQqN4PYi5UN4uyyCjf",
  "read-config-file@6.0.0": "Qme3gixMdu4RR9ndmYSkbZ8JmaxDancQFjeVgvHo8ugz2f",
  "readable-stream@1.0.34": "QmcYLq67CDsV3sYdXR7oa2Q39oZSqCySV8YQAg7ggUyS7q",
  "readable-web-to-node-stream@3.0.1": "Qmdxuoeie2TqL1GUp9z8syuxNJSJ83Pf4BHiUYdWfneK85",
  "receptacle@1.3.2": "QmVSFR3XfHubpe64w1nUvLVADP68x9G6TBhvqGkrZ2juvC",
  "registry-auth-token@4.2.1": "QmNh4CvfDiAtSZviW9w7x69dvdESuUVi4dtouUbU4K6Dc8",
  "registry-url@5.1.0": "QmTqCCt5ygY8WNEHnr796TbYMsBfmx1P4iXqHci7kHcsob",
  "require-directory@2.1.1": "QmPj67g5fS9XtFL7WBjKGXCsBsgSzJTpGoWiM6nVc1kMNQ",
  "requires-port@1.0.0": "QmNyoDRwxzaAshb3xDMJMBmwCxURD8KbsfWvLRG9J5yrZH",
  "reset@0.1.0": "QmZjVQc6ffgnuuQP29tX33MfCWLcY5uPjVKHaNk6WTvhZw",
  "resolve@1.19.0": "QmZLo1Y4dZPNAAUe5WY4F8iZmwdfKEZWKdQwfMtxJSQa2A",
  "responselike@1.0.2": "QmXeQoFyuEkduHMzj6MwWCsHJYa5RuTop6JLadFmXh4KK6",
  "retimer@2.0.0": "QmZUp4KU6BRnJATER8RioXxbzEr5h2SrRxVXJKhoQZzFun",
  "roarr@2.15.4": "Qmc3w7M3gEirJhuf8cx7s1Y8qF6wqrqucvEBQ1TcBSPwPf",
  "run@1.4.0": "QmZsvmtj2d2SMnDXPEDo6McRz8eWEJ4Z5B5xKv3Z2bS2wo",
  "safe-buffer@5.2.1": "QmZH4qCrEAmHX86CANf1M2bqnPgY6dv29t3NUWsG7x5ghu",
  "safer-buffer@2.1.2": "QmZVwHiJ2kaQ1c3pEhksXBs2eg1ybRQ7gbVVn3bAQK7g5w",
  "sanitize-filename@1.6.3": "QmYQiANNqzX2hoCfBiHEWKqwfoiko5Jv8iw1wQrCEH6Zp1",
  "sax@1.2.4": "QmQZE3P4KXAcsHpjSi1sZnaS16G8GLekP6QUcf67zjFvkK",
  "secp256k1@4.0.2": "QmPqzYYEQbMbUNMSGAK1Hys34PxP7uYogvjRcZsX2G1W5H",
  "semver-compare@1.0.0": "QmT7J64Yz68SogrBZE7kuM1EdYKSSYWwpJMdJHE2CZh5Jm",
  "semver-diff@3.1.1": "QmXaVpSWScLAstpUTHQbSW4ZY5zu8RUCkahcM1Pbretr76",
  "semver@7.3.4": "QmZYeSU8zkvrQ3hdADRH4kBhc75c9KaJfCp4J8eNHpgMcG",
  "serialize-error@7.0.1": "QmPHu8Wj8BVymjZegW8SQNTBKS4uTkym7EcsUUcCRFYtBP",
  "shebang-command@2.0.0": "QmdDDy6xWDrWbk3uLdxbiiYtYM7F4gJg5Ajv7XpoxLCndz",
  "shebang-regex@3.0.0": "QmTP3qosa8C5fHKPcak5gqEEasnUM8dNdkCwkAFAC5yw2n",
  "signal-exit@3.0.3": "QmYhLkGEtW6j1zALQPdg2mWxyM4iUBR1LpQ5tZnqqY6VjN",
  "signed-varint@2.0.1": "Qmaqux6t8JNoA2ZE5vZJATkui7Nm7S5b7URpiPGTssdrCC",
  "slice-ansi@1.0.0": "QmfL9JXCBMtTB5jNbo32Ew1RWPSA8W13cGK776361AibXN",
  "smart-buffer@4.1.0": "QmfBR5xdHaLsAcQ8w61xKmg7XZ3HqEPJ81LFPgsHTLjSfj",
  "source-map-support@0.5.19": "QmfFKWz2DAs8kgAveEVwJmKjUPa7vQxM7SgQ1eQ2mHdkSZ",
  "source-map@0.6.1": "QmVyeR51obCMs19rgZutaTg6iJUiZHj3AfzyR7NK5fTA8v",
  "spdx-correct@3.1.1": "QmchkGksdBEZkTRupi7ju2ZoKSwsgVL8ef6WTeHQwPHWUP",
  "spdx-exceptions@2.3.0": "QmSSH7dGYG6nJLSauLsQcW6V6bAb2YkEz4sE8KQwUvXmgS",
  "spdx-expression-parse@3.0.1": "QmZ1E3cbk78jFLJWdcEMGJkxNoUi9kZBW7UNgPJVTQVZcA",
  "spdx-license-ids@3.0.7": "QmRfwCydnerrXCe4MumB1F9qVm7hgdrJcmRQLyRx9zAzZ3",
  "sprintf-js@1.0.3": "QmYJ8JkG8ZsPeq86LuSGZjxKdC6HcXQebiFQwkAnUzZ8n9",
  "ssri@8.0.0": "QmX6iLJcPDijVFX4KFrcBhjh9sehXPqEN7kQ4pQAFKXyVf",
  "stable@0.1.8": "QmNU7T8Z1kGWsGH2t4jmM9CvNpMjkuMEcHyqzqVFwuHqAx",
  "stat-mode@1.0.0": "QmWBwNGQt4qrqAV2oLGwwDqMG4mWivXcaDjfaNxHzpzJgm",
  "stream-shift@1.0.1": "QmTTUPgtmjdU3rTLeXWNrRAJWhWqMs51FGVE5iCZavw6Y3",
  "stream-to-it@0.2.2": "QmcsGnD6PsvYymzQM9vDzoMa9ndZ6msBGQzVrQ22td8qGb",
  "string-width@2.1.1": "QmWGSQJhQAwVLpTEV6hwGQYVSaxMsWTrLnpPWxb9Vs13yc",
  "string_decoder@0.10.31": "QmStvAGkYE7FsYBs85aV2pm8hYW3JEwoko1pxAWDmjohpz",
  "strip-ansi@4.0.0": "QmapSSjrFkGx69EZeohWmYpbSe1s477FQLssdiqUumJ3bR",
  "strip-json-comments@2.0.1": "QmPAMAc98iWfVYcdSzKzTP4MLU18VySpK65aaPRUmDBNmR",
  "strtok3@6.0.8": "QmQ4WsNRzPdtJVfbm6waLCohCFEX3gkjFBzF6y7uxPgAAL",
  "sumchecker@3.0.1": "Qma9iXMnZvcJV4pp2LWop6G6ED23AqDrB9isf4jEeYEVDn",
  "supports-color@7.2.0": "Qmcffxe5NQxwswasMDXHExGy6tjbe2jujX3LGCWmLDHxFB",
  "temp-file@3.3.7": "QmVKpzQbdQ7HfeNATaDgUXYHW61d8da2Z5iHyYiGGqAVLn",
  "term-size@2.2.1": "QmSbfYiLAVuMC2NuHtrxz5bpQHUsadYcSn2htnwDPvDJBp",
  "timeout-abort-controller@1.1.1": "QmdzPeqkh2oPMDY7BxVTiWbva3E1ke37ij35ssr69Mydyb",
  "to-readable-stream@1.0.0": "QmRWhyYAzAkcBp2ohvEECz5uZZxrtUpaVQjD2m6JNMTDL8",
  "token-types@2.1.1": "QmXhYdzJucyEzpZ1ZMX1utarmvp9GvcoRTuYCVyFW5ygZ8",
  "truncate-utf8-bytes@1.0.2": "QmVd4de2EdUWxymHymPgpJQXJYxf1mkznRSEgBQUJULBN8",
  "tunnel@0.0.6": "QmZ21LM2WHyRH3ncTzFeTqLhvktbsorYAxZZGYoRCpBBX4",
  "type-fest@0.13.1": "Qmba2t7wFTDxMnYDKyeDVQ8FCzEw2JGfm2jrDCAXfSqQTh",
  "typedarray-to-buffer@3.1.5": "Qmb6YxYExtdvVdmp1oYrNxJhKU5B3KGTsZMchSAML9Fpsk",
  "typedarray@0.0.6": "QmWV5jMqspnoZoXkXyNjEMLPZjjz2Arc8NAoMAbiDuRcSU",
  "uint8arrays@1.1.0": "QmdhgsHVMgTFSLqrwoVZeyXon5WceGXhxsUp88mXjiaPGo",
  "unique-string@2.0.0": "Qmak1Bz6rbPHFNqTjSDTUgSJoqqpRhDxhP2tUYuL3YxR7b",
  "universalify@0.1.2": "QmYudFjR4KmofZAWAJ5nbcGT3nLrgHe5r8JjDz2rHNJ74U",
  "update-notifier@5.0.1": "QmRbgaLAhYqaHoc6nxd3VJKUScVDkmQXJeYPfsyPAXs96P",
  "uri-js@4.4.1": "QmVhW7kP11LoJcFTxCRELJ83Ms3VpWkX9Hnfr9wKcCvavr",
  "url-parse-lax@3.0.0": "QmfSgfyYchHPCYs1ihGkxvubvoWPd6erqqp9gtMKWLKvPw",
  "ursa-optional@0.10.2": "QmSwM3XMb2hEtMCEFn6XQEzDP7ejpEJSvkRLipsRfDvyFb",
  "utf8-byte-length@1.0.4": "QmP9aPwQ7TZQ1ft5FA81sVFMCM5EgZLA3VXD8EbDnzt8oE",
  "util-deprecate@1.0.2": "QmevGWV3topJJRwRZNFQprCCyshs6rnhYC76UYz8fZUakv",
  "validate-npm-package-license@3.0.4": "QmcTbMvyxdgGxJzfCmwhKx9SEtkoi7237g6HNoDSf31mWZ",
  "validate-npm-package-name@3.0.0": "QmUEiJbygjD6vQize1YEhT1kfqfCPFShTxHMhh1Rz5W38t",
  "varint@5.0.2": "QmVebNLvHtHfEKSZnfruyRsTiBQs3xEsw8VKgfsJry5v1P",
  "verror@1.10.0": "QmY8iRgBoAmu2VvZhcNcMK1L5L5nc8iCZFuPqnnDfRiZFv",
  "web-encoding@1.0.6": "QmZ4kjvCFpARUGRxnw77vXFXahTozbTSWoV4BGG4VukGH8",
  "which@2.0.2": "QmXB2NETYaVeJKAGRCQc35dHAW9HyvNpwuvd4T8eziNaqq",
  "widest-line@3.1.0": "QmVn2DXUcP9PN19m68gsBsc25sa3FxnRhWXz96RZZdnUyV",
  "wrap-ansi@7.0.0": "QmbEbRsxVfxnFv8u791nh1hsrRUMZjHmkcoZSRKtF5P9Pz",
  "wrappy@1.0.2": "QmWQFy4ZtYzqnVv6kAbBuCM1vYWpop9hjD7de8yYySAgi9",
  "write-file-atomic@3.0.3": "QmPnK4CdqcpkAiaiPakoptFv824idxmfwi9HqPwG4SagUz",
  "xdg-basedir@4.0.0": "QmV2daus1jMouivQhDUpdr439LwQ1KrjfMMqMjxbDbdXXH",
  "xmlbuilder@15.1.1": "Qme6KUdcUUWmLs8epWVHq2Z8381rmypuKUfu9V1kKPTiAv",
  "xmldom@0.1.31": "QmQ3CQUry6oaqMUB835M54y7AXYXXf4BkuBPuPHvr2LE5p",
  "xtend@4.0.2": "QmWdfSDwTRdtsDH8dku6h5Qq59oZZ9CjRrEoZLjqTFjfRx",
  "y18n@5.0.5": "QmdrWV1W37N141kreQUnyymonh9Kr4vzKWY73D7WF6mRgt",
  "yallist@4.0.0": "QmPn5ikzkxW3QARw91CFZTZmrST9gNNyyfphkYi4W6aZBw",
  "yargs-parser@20.2.4": "QmZNLB8G7o3wxZto78crLRv62vULQmt86dgVzdsRyz4fuQ",
  "yargs@16.2.0": "QmXJvmJNeUYVNzKKsjV3w14yfasDt31yvyUJVav5fhrDKH",
  "yauzl@2.10.0": "QmV31sAX3CqXg3ZQvkbo2cKfe7eBDAsL2TFbrd5syVBz3E"
}