{
  "npm:7zip-bin:5.0.3": "QmPoEQLdmMMfYBHYg8NFzdj9EJmK5WoZtGM824CDizsZEA",
  "npm:@develar/schema-utils:2.6.5": "QmQN4pSk6VbPYnBqyTD44e71doZDRPZ8TfwHqGZn5QPA2c",
  "npm:@electron/get:1.12.3": "QmRhJECPGWj36P5woymKWzoPPn1bNUKegV8T4CKr51UAzE",
  "npm:@electron/universal:1.0.4": "QmfChxirkcJz7PHEaTdXiaYs4Da4dzcmc5KGriKFb4Hj75",
  "npm:@malept/cross-spawn-promise:1.1.1": "QmXB8EVcRd6m98Hf3gwDFKaeHR5d6rAyWoercTxR3CnDn9",
  "npm:@multiformats/base-x:4.0.1": "QmRJZUgtF7vb2uNpqRoirPbV9Bn1T85dc8tdzAs9iGtnBT",
  "npm:@sindresorhus/is:0.14.0": "QmaLyk1yfDPm9VKCyM2E85JpV9vcDBzK28aFxqEZsukF4d",
  "npm:@szmarczak/http-timer:1.1.2": "QmdtGtFLHyvs1eCve9neS1KqLBqccveNVipbTiX4mb1Wfd",
  "npm:@tokenizer/token:0.1.1": "QmZsASgVKUUr8ridb6Loce3KShxikAt9HVgimHxfZbvZHh",
  "npm:@types/debug:4.1.5": "QmXqwatFbjhnxnu1vxqABC24NWGHUnCc2TB1ytczAUAL7k",
  "npm:@types/fs-extra:9.0.6": "QmfFPo6AoGvKTUVN8HtdXyKthNdiaRAWDCQZtoawrBAkCH",
  "npm:@types/glob:7.1.3": "QmX2MHAehpdZR59mYpCR2WjVW5W3dcgCbjLLQmXiJnAxRz",
  "npm:@types/minimatch:3.0.3": "QmNybhmPco9KPy37bJ2oLbDgZxoG3QM74eh2ZUbm6KKiQY",
  "npm:@types/node:12.19.15": "QmTcYfjbYvSstNVchLPfGD2DwbmqsL278DS2xthLZygKga",
  "npm:@types/plist:3.0.2": "QmP6K4W6t7QKfnfjR7YYTyEJhCEKmfqaqBm3RdGa2TnBp3",
  "npm:@types/readable-stream:2.3.9": "QmS5WDhDWeSuEt1nMUA2LtFLkNaVLtGGq91ZWEVeJiNPqk",
  "npm:@types/verror:1.10.4": "QmRGSjJKD9QTPEXVPa2RXeeWUoaSfnBNsoyYWEE8NeE2Jo",
  "npm:@types/yargs-parser:20.2.0": "QmVJPssFXVDcr8NZgABTBv6WAPicTpv4LmSVfjfhtQX7LB",
  "npm:@types/yargs:15.0.12": "QmQ6xL6sm4WUVYGY7eUM5Vq4vLnpM4kNecwHMjNK6ymQc7",
  "npm:abort-controller:3.0.0": "QmSFBEbsDBWpVTaEZciswVhGFYwexmy9W9qDQe9EZWmxNH",
  "npm:abstract-leveldown:6.2.3": "QmQZKcKooGs9bbvN7bKyznzC7Mz1Knj7DUvCj57Rd4pkfS",
  "npm:ajv-keywords:3.5.2": "Qmd6dETLGJ5HvZDrbcviNby2K9avDYSKGyXMXSDnMR3Gs1",
  "npm:ajv:6.12.6": "Qmagc5DgAwJkP6uvGqmHHwgDgcVpA3eorWfF7e5a4wPSkL",
  "npm:ansi-align:3.0.0": "QmezLB8Kp8kekKFQcYW4Zy6c4V9LjKi192zxyxU6hocRp5",
  "npm:ansi-regex:3.0.0": "QmRXJ9DBUjyZULfpybwHyBY6WRoJv7v2DNsTsDbYPDKjWA",
  "npm:ansi-styles:4.3.0": "QmSRGNuricmWdb2GjNoNUCkhWpwXoQddswSxJph2PnxDRA",
  "npm:any-signal:2.1.1": "QmcuVReK6dnjtvnzop7tdaH69HzMo28wPmaqp7nbb3gvJF",
  "npm:app-builder-bin:3.5.12": "Qmcv5xgdSBLmzp7wUQdbsLfmBpVbcmwi4ab5cmrxTBvqNB",
  "npm:app-builder-lib:22.10.4": "QmWeT8e5zWAXGpRidU9Q41dvoaQ6u7bkTFvmod54JJAAJ9",
  "npm:argparse:1.0.10": "QmcH1UnuNdzYckFWqHf1xhzv6bRPAYyuCf5S7EobQz1k35",
  "npm:asar:3.0.3": "QmWmAcmVNo3tFawqALszNw9ZaCXLXzixEZGb94yw1Gus9K",
  "npm:asn1.js:5.4.1": "QmZbrXfJRbF82c17dxRduLcnVWDGzrdWibsV2i2zeGHj5u",
  "npm:assert-plus:1.0.0": "QmSDiGNGJo3MewDz5cK7tQSA1JHpgqtE1rX9QCnaSHfPkT",
  "npm:async-exit-hook:2.0.1": "QmetbZzZE3CkkeTqKMa75TWLv3KxV3pv8uEhwKMy7nPwyX",
  "npm:async:0.9.2": "QmVcjNYRJLuoGVNAMZnCWHJZd2tvRmXM4Z7eSvjKcYdspE",
  "npm:asynckit:0.4.0": "QmbEGg4bSbHTqh44wvPnFK4wMZzRU7Aay1X6QxifHWYV1R",
  "npm:at-least-node:1.0.0": "QmYiGMaLhiDCSpXqNDCHDpUK8HfxtcquYPPxLTBxP4JZu1",
  "npm:back:0.1.5": "QmaY1d39jnRogLB8m1XJaTftzyKFaZQMbjL2gbC8mXCa4o",
  "npm:balanced-match:1.0.0": "QmUTVVeVwNNPHkhpCfz8fkqW8RFuvjYEtp1bwMvAb5xGvA",
  "npm:base64-js:1.5.1": "QmQcWFwkWN4g6SVmpHa8mGaJggSJ6ShBM7HioPSvveMYL5",
  "npm:bignumber.js:9.0.1": "QmPxhXpP3gZL4tr9mmom15Pr4sCXjMAWWHk5MeD6M4DD2C",
  "npm:binary:0.3.0": "QmP9ZtrbqNPQ9UaNksmyBXdHxeVjuZGaXfoicwd4S33zak",
  "npm:bindings:1.5.0": "QmfXThyaU9pPKQUJEn33c8tXdvaEKALJ7PDhzHaSaQW1D5",
  "npm:bl:4.0.3": "QmW2pMgTopGRvaRwCuvE1KvD1Ftx4eUqtrqZqcDzfBVCFH",
  "npm:blakejs:1.1.0": "QmYWWzxVaebVi57EmzQmvDK6DAc3v6UVSZziJ6U59xUSKn",
  "npm:blob-to-it:1.0.1": "QmRVHvpAN1n1jdmgDyGtBM3AYUw6i6ytk6YYMU3UeyHtX5",
  "npm:bluebird-lst:1.0.9": "QmRYhQt2uz9fpPS43b9owt5c5w9t4UKwngjJy8BY2Yb1xQ",
  "npm:bluebird:3.7.2": "QmVd2KkcxUdqeUGwfEgNJ6kuS8wLW2ptpxtDZSX2sZfn8x",
  "npm:bn.js:4.11.9": "QmbGsXDFTrAcCkH88kzHRkWN4eFDJVptj7YgEpBQwHLa5j",
  "npm:boolean:3.0.2": "QmYNPQg9SfwZmbVbSJC7T8prxYF4faMU7Ai6sSH3xUEmxi",
  "npm:borc:2.1.2": "QmR9kgzZhEmTMatmC3JgDqsHPevTvihj1MoZ3yHifd6QaS",
  "npm:boxen:4.2.0": "QmeDW1iNsmqN3ShvUvyn9ZaxyeRqt7VfzMieTaLTTQaAAS",
  "npm:brace-expansion:1.1.11": "Qmcr9sTCexj6FKFh9zycGkAXdHh8yU46QMmBUvcZQmKTnW",
  "npm:brorand:1.1.0": "QmfQzTYumaEjRLSYt3MBn95uEAQWLB3uRwKsz2hrjtAhBy",
  "npm:browser-readablestream-to-it:1.0.1": "QmUfyvhctEZUVaMzAKasFaTWuE6Y4HNHcVPhMTrV6nHtad",
  "npm:browserify-zlib:0.1.4": "QmeB15baptg4sgaUzbfHbCBdkUBcKkixSYS6XCxQDBpvwE",
  "npm:buffer-crc32:0.2.13": "QmTNZDysZBiPZnnp4pu9ZuQBVWHPUzfKRHru5BKyY5yYXW",
  "npm:buffer-equal:1.0.0": "QmULqFjMZcdnzfEdPSReFKsdCRNRYFJ5g3x9bYL9LYNkiu",
  "npm:buffer-from:1.1.1": "QmWc4cYErvbRnhkVy4Y4t2UnomLPYgxGZSNCN4g4yDHQ1S",
  "npm:buffer:5.7.1": "QmaUBDRD5NLLBiUv4cgDscKc6Tmzowx8WfWeUwYryRsFxh",
  "npm:buffers:0.1.1": "QmVHXcrSKp6WKCK1FSegzThkcSU5At5cfrWQZpTotoWDUr",
  "npm:builder-util-runtime:8.7.3": "QmPKRK59rrd2xkvtjikLeeDJs1mD1vQsweraRsGi2sEbZJ",
  "npm:builder-util:22.10.4": "QmUTPZDaygB3WyZAXXbxM1UqwVjQxGo2ibPR4vDbUuKk5x",
  "npm:builtins:1.0.3": "QmcRg3NfNDVoJ9Vnptd2oPsFSGCvxrKb2Gk7bY1oAcwB98",
  "npm:cacheable-request:6.1.0": "QmUKnnUbwim2m1oXP12haaMUot9iMhr1uPx7gXJJF5NWfU",
  "npm:camelcase:5.3.1": "QmYMD3nuqEDE1A6ixVnm3wBQpYo71CYqBcj6n7A7gd2QH4",
  "npm:chainsaw:0.1.0": "QmS3bhwa1vHELt85EdJMHFXk9NgV6MM1b6B5uNa7utSRiA",
  "npm:chalk:4.1.0": "QmU3NSTHp8Gks7yiZnR8Fr5Ue9dpC6j8zaqBKDYCK8NZCw",
  "npm:changes-stream:2.2.0": "QmdTWe67CACZjtNMWQsA2CTcdwpQAfhg1kzUd3chUj5Yta",
  "npm:chownr:1.1.4": "QmQ6feaGdjvc16xF4r2GvrqijRUH8jTtzqbEd4YnHVXc4H",
  "npm:chromium-pickle-js:0.2.0": "QmaH67MBFitC1DTtbQXGqD6HcFN5A22dUWisST9nQz6Yx9",
  "npm:ci-info:2.0.0": "QmWA3eaCrusYpp7qcVT51HqkCzSCWBefKQpeiQ5q9WncWd",
  "npm:cids:1.1.5": "QmX6eTm8tygiNgEBUhyg7tsgCBERsEc8CqEXiWesYShBoP",
  "npm:class-is:1.1.0": "QmPhUEtEujwFsaC3Jhdhh2EeTmQ6e7KVh2B9fgsw9744C5",
  "npm:cli-boxes:2.2.1": "QmaGZpifmvzPt6tCZQgsjp6siUJSYsZH43gPixAGnCATJW",
  "npm:cli-truncate:1.1.0": "QmVXoEwn2onVukxyWJzwJvdR2mCd1z7Yguo3YEDovNVFhT",
  "npm:cliui:7.0.4": "QmVc26Tdq18thjRHVMYDmpBwBM9zqznuQ62hsaPxMo6r9o",
  "npm:clone-response:1.0.2": "QmZJUKLgd2TxDiNwZZNdwvJNP8XcaUBqjxwmDwNGYTf1uR",
  "npm:color-convert:2.0.1": "Qmb8dHgzks7rcAGyc8ApAhyMHLPNLYLGQWDKmiXtoAdZZW",
  "npm:color-name:1.1.4": "QmSE1eUBUhsshvtCvqDwHSAMhhQggXeZQmhgtSvq51BYFC",
  "npm:colors:1.0.3": "QmWSvQJzNsWMaiZnamB54iWbwfJYKUNVxP2nDBRDpaWdon",
  "npm:combined-stream:1.0.8": "QmdSbuyxabcy8xsSDQCdcwvAbE47qf3fv65x2gteenTPPB",
  "npm:commander:5.1.0": "Qmcne4ELunpbS8uJBNf29jp5tZa9mrR5BoXa2QFQft4Lzn",
  "npm:concat-map:0.0.1": "QmVjKj1i6YaTfMNnR5irFaXbxQsjp2BoUoefeapg7Upt9C",
  "npm:concat-stream:1.6.2": "QmRRFM3hDhVQ4DPiM6ZdM3T3EYPbc6CNJknka1P33ZD22r",
  "npm:config-chain:1.1.12": "QmW5SEJyasicm6bc9zPvSKdBgzGt4KLYFdCecy6KGbQfgC",
  "npm:configstore:5.0.1": "QmSGx64F4W6TjvBLYxZuSUwcsz8kzqmZfZRZBMvsBhjiqH",
  "npm:core-js:3.8.3": "QmQ2tgC78sEvYdYVgGVeUm3vC32qxS152UDeUkR3ddQhsk",
  "npm:core-util-is:1.0.2": "QmdhpDmBT6c9aFskKb4Qo6YvqBw6LtbyYZGUTLGhaRXihW",
  "npm:crc:3.8.0": "QmXJjKfZvJF7qRiYfKzVDBY4u9zRw264bCyKRYhp7SSCQA",
  "npm:cross-spawn:7.0.3": "QmVwsEzDzxCbJKU2yq1hc8QLMwtUNjHA2e1kQQsrjYrbag",
  "npm:crypto-random-string:2.0.0": "QmW8aec4eAzng5kCPD2nxm7tWhnvSNyA2MkCQX6KKDYKKj",
  "npm:debug:0.8.1": "QmRy1LKHGtjwS6QuYdpBqGQCGPZsQ1NrU8MVtAbgphZSKh",
  "npm:decompress-response:3.3.0": "QmbReutVs2Mv5m9F3UeQQVRgPAtuicHkTobvRqxbM7Wx7t",
  "npm:deep-extend:0.6.0": "QmcoqBjYRLmTDpxTLavEmgZz5Mj7N7qfiu8j946BAxAD9K",
  "npm:defer-to-connect:1.1.3": "QmbJCoGu6VC1pNpfG92Kv6fibiftU5pE5PoDuqnr7cjUgN",
  "npm:deferred-leveldown:5.3.0": "QmTqtHWUr8HwTiuSqrivAqMDFQJh1fr2MRHksYiFEiaF54",
  "npm:define-properties:1.1.3": "QmabMDS3wGLZrv3vyPmRd6Jw1bbTy6t5e94vdLMT7EfJE5",
  "npm:delayed-stream:1.0.0": "QmNqaErFDKX7V3oxCQv4X7Am8SbSgWsnzRpxawTdVzXLUp",
  "npm:delimit-stream:0.1.0": "QmehcQKivyZPpt9Q19spXyWegpgMywFkvno2ALDAp67wc9",
  "npm:detect-node:2.0.4": "QmeKmy4ZumYCTqwYPrF9wSaFJrwXYVerKSG8bo7tA3HEaB",
  "npm:dir-compare:2.4.0": "QmSGjj1hbiaT4EZZbezLRXHuEK7rba4NmAkWeDVeAkfn5J",
  "npm:dmg-builder:22.10.4": "QmYEvtpvT4ZaJgbAMXfpDAVk8zELG2KThfJmpUpjK7FcV6",
  "npm:dmg-license:1.0.8": "QmXLEg4rpbp4QEvaMP81CM4wWhJWxkW7x2LttCS9asiquD",
  "npm:dns-over-http-resolver:1.2.1": "QmU26qN1vH1RXS35JghuhooieGDKEXyPX8ZWsqfhZyFJXC",
  "npm:dot-prop:5.3.0": "QmPtirxFHFuQVBNSxHtXaHezCBoiUspsRQfET1xJS4Yst1",
  "npm:dotenv-expand:5.1.0": "QmNeBBvUYYFGuXeHkg8hW1422N9szaozstKL3NREzZvXzJ",
  "npm:dotenv:8.2.0": "QmW4wcdDQ6URamgGTpmoq7E752Z8soGkgAU7vYzRvPbDwB",
  "npm:duplexer3:0.1.4": "QmQByVoRP7GPBK33jWCmTmivWmTQ2m3Lsm1VSVNpjhN88z",
  "npm:duplexify:4.1.1": "QmYR4buGU5A82WWSK4qh35AEgo1mtg2VvVd6egyLi282Ac",
  "npm:ejs:3.1.5": "QmSexxhAzu9qu5xrFKR1A54AYGpFeEbQfEXjx7tSTXzwY1",
  "npm:electron-builder:22.10.4": "QmXW113NiytKE8AVv1nzRkq1wemyzTDNRC4fhcNy2WPCXx",
  "npm:electron-fetch:1.7.3": "QmdhgMaaRqCD7ubdvmoczx9AQUN7HAk5at1B5jJqK5Swsk",
  "npm:electron-publish:22.10.4": "QmVjSXUKLgXGQZJjxdkpTt2fHiCEYVTdpGVhNPRi6FtQMF",
  "npm:electron:11.2.0": "QmaB1tdTAFak92HKsTJSbb4kzb9mCT98sExZFbSTVzXYUb",
  "npm:elliptic:6.5.3": "QmYgLuY7c4aHtvc1ieW5H5pE4XPemx9fmp8i6VPm4HHawp",
  "npm:emoji-regex:7.0.3": "QmQ9YTKeRbtPivydn29jKugymPjF6MWcaRUjH4yVBgsXU2",
  "npm:encodeurl:1.0.2": "QmNwZPtVV4RK7AeeeqGz2j3UxULbd2rhQZRRTGb6ch37hk",
  "npm:encoding-down:6.3.0": "QmXEvmXT28HUhoQWuHvUhziDHTucnu8B9zEmbHhDpoHaYR",
  "npm:encoding:0.1.13": "QmR3y1sWvYWcsUyC65RemWjyfv8iFWDfGJKJjDmLBL2Xoi",
  "npm:end-of-stream:1.4.4": "QmZuLry4LvwWX3VgTA4cmuCsaqkr7c25jDQTMkvbXNZAMX",
  "npm:env-paths:2.2.0": "QmPeFbqx8v4DYwrUHNndSDzxjKUKMQvAdLvXsxv3ad2xTf",
  "npm:err-code:2.0.3": "QmP6ikUC5rUm19mTW9RQiDenXT9sCfm6qEviSXjsXqfYC4",
  "npm:errno:0.1.8": "Qmd7v9u83UQYVuuwdDEvSmyRu83ZY5d1MVuJk76obFnqoJ",
  "npm:error-ex:1.3.2": "QmdPDKSdeaDuU2PUmzfNnoT7nVXyhaW7exPXuaYMwkASkb",
  "npm:es6-error:4.1.1": "QmZJcSghwAoA944yc6L4JrthiHU52aiAQew84sHKLNTFFG",
  "npm:escalade:3.1.1": "QmUC7Fp1Mu3CXz2sSnSsBoof7okFq5DZqoTgkZjgS6H6RK",
  "npm:escape-goat:2.1.1": "QmaXTE8Xo6VmKPUB7zrTA6B6Z1sLKLCtkz1WgY8vXgCqEz",
  "npm:escape-string-regexp:4.0.0": "QmbzHt1RGxotEoeC7PwTDCPRUsdCsHJLKiJgDwZQHBzAoK",
  "npm:esprima:4.0.1": "QmVso12K7S9mwaaLrQJi6FPZz3WMXaj8VccAbff6X5Z5Gw",
  "npm:event-target-shim:5.0.1": "QmcfS7GrBh7G4JCvQBfUD9YCSp5JY7bbSTdpifYDPwPWd6",
  "npm:eventemitter3:4.0.7": "QmexQ2gvksjQVtSbwVeEprDKSfoN8zFbihCWWsarSwckdH",
  "npm:execa:5.0.0": "QmPtzdpE23BRYfgC2qyJmYemURgTJkX9XQedyhjmGn6BgQ",
  "npm:extract-zip:1.7.0": "Qmdo874i9a4DFXvDmU2pM18LqbELoNBp2pMxuM9vgGgTnx",
  "npm:extsprintf:1.4.0": "QmVZV4z9RFa4UFnZbugh5ZP3PzLxHKzHthTadg4qVxLwwi",
  "npm:fast-deep-equal:3.1.3": "QmX8PzxbeSkgGUdRg8iEmeiqfi9u5mmdU4mL7YbsKsvyvu",
  "npm:fast-fifo:1.0.0": "QmP11rWgsrNVfecrxDCSPZKK8aVqMMwgJiTuBB7QiGsCZD",
  "npm:fast-json-stable-stringify:2.1.0": "QmPg4kyhNjVjSaWcWQrpGuVYYvEsqapFVwKx1uoG69dmj3",
  "npm:fd-slicer:1.1.0": "QmQ5v3z6fv68YXAWea5KB2gsg6YEMher4bKmuzHT7NGdwL",
  "npm:file-type:16.2.0": "QmWPMw33KdLYwexW9njoiPobHrab4vHQZbnqDmpG73GTJg",
  "npm:file-uri-to-path:1.0.0": "QmVcJVuEGnfisSuHrGyt2HuQMggS8sKsT22Rz3M25PFXe9",
  "npm:filelist:1.0.1": "QmYi6Ww2ge7C6BxqR9tnk2AbzM52gYKzkqqtnmCd17bE3p",
  "npm:filename-reserved-regex:2.0.0": "QmPeddpbE7ZHLqsP8h2aHX6bXk6Pjw3Mpv8AQxw7tmvGn2",
  "npm:filenamify:4.2.0": "QmZjijFKTaSdxxRhXUtJZEvEEBtP3nBYNCZvoeEJiCSece",
  "npm:filesize:6.1.0": "Qmf3C678BmTd95ZYnpGo74N1Kxada4a7kNeioS3PSRrik6",
  "npm:find-up:3.0.0": "QmYHW77Q9X8Wmib3sZ4wboGEnduyunUnsNu6yQYZmYFh6P",
  "npm:follow-redirects:1.13.1": "QmPEbttq8VDU9gmuAosX5jrdPFdCiwZF94U183yVPWYpZT",
  "npm:form-data:3.0.0": "QmV4DB5GCkf1ZZikagxde7aSDjHhUdQzuhYBZDJobEvCuB",
  "npm:fs-constants:1.0.0": "QmfNJPFaJvE6cFu4EofU55oVC3wbfWBCZM8iXpZ1s1pV5p",
  "npm:fs-extra:8.1.0": "QmWDD5kp3aJ58iGcEjbKb2JGcjJgZ9NKfswd4tX3UJCNG4",
  "npm:fs.realpath:1.0.0": "Qmf3dTA4sS1XjYcjmXmLLB31GLNrkxz7DEv4SzFXrCbgQ5",
  "npm:function-bind:1.1.1": "QmZ5mYfdSkAGxRWDWhSTmyuT26WLWB5d86Lynywqc3TV1m",
  "npm:get-caller-file:2.0.5": "QmPmL7tugVhg8JwNhVZSWJ6QksAmEE7Zw6xaKZaF36swzb",
  "npm:get-iterator:1.0.2": "QmXckau3WcEyYieE6Q8G6KGJdLPpxYkt7mftfKKyn4kLpt",
  "npm:get-stream:4.1.0": "QmcJ9sUjpGhc1aKfoy5ySwcSggxbBvbvXpqfGJEPtnv7gC",
  "npm:glob:7.1.6": "QmQmWvUreNCtrzPcgWzkyHSBMACt15HkE53fsb5kUNoDNa",
  "npm:global-agent:2.1.12": "QmbG6GtLj3fZwg5cDKxLfZpkhFqpGm1SuDw1dNBxyfN3BG",
  "npm:global-dirs:2.1.0": "Qme2UHLUFAxVb3kHxDizemdRmfTB2RVtHpAduE1LeQ7Sxt",
  "npm:global-tunnel-ng:2.7.1": "QmauZr2oURbHVh5SkW3frkfR5LKdTtaBmvaxMbuutPad55",
  "npm:globalthis:1.0.1": "QmZnhrdY4QYPMHtT8Y5NfT33LUibdxRWgjhnQ5MMjkk2jm",
  "npm:go-ipfs:0.7.0": "QmQ9Lv7xSBWAZNPwi83cuzoyGJ97v5SqshG5K3AGKAfG5Q",
  "npm:go-platform:1.0.0": "QmRzPcB8wSSCsG3kaYgC9HuUxnBSJWdVxNE4KQW2kXTgz7",
  "npm:got:9.6.0": "QmSuHwXB7rmoVwutHPQBudmWdZkVgVY6m1GeHJN17qgFHR",
  "npm:graceful-fs:4.2.4": "QmWVznUSVPC4kWUPYjiAgwSByqV7AQ4Uk5iWPsMgK2ruXB",
  "npm:graceful-readlink:1.0.1": "QmVMq4ATDmVB4WGjqK4Q9hxbERdKACyYDSnpE3v4sBtF9r",
  "npm:gunzip-maybe:1.4.2": "QmeUKpcXRTWraRr8C7oFpEiLW7AqjKx6n7FTGAGrzM8oEv",
  "npm:has-flag:4.0.0": "QmRMBawif5Eys73BnMwnjTj3Kj9LUb2GCH4ugnZRiubgyA",
  "npm:has-yarn:2.1.0": "QmerSejW8dh3rnAmt8GABZ9sucjUcSi6ZyVixRhJc2KPhg",
  "npm:has:1.0.3": "Qma2CPQci48wssnaWcZzYe3k7Q8LhdWSfXeCQkRDTuM28A",
  "npm:hash.js:1.1.7": "QmexHM3jbjttiwkejgG2znVB4dHMW7fGdWCYXT66tty9Yd",
  "npm:hmac-drbg:1.0.1": "QmNtvZPFRuXk2k7tdVBpyqyQDNGDPFWUNJhmBowbuPiGgn",
  "npm:hosted-git-info:3.0.7": "QmaiKQUYVxqXfCh2wptwuRMPCMRFUR4dkS3N6xiiET2Vc4",
  "npm:http-cache-semantics:4.1.0": "QmWkWfTRFykqpiMaTUymYTsPqpmqJ8ykgwAE7ow1jXPKuF",
  "npm:http-https:1.0.0": "QmPQUuAVBP2UNk4hZ2bsFqiYydxQh85NDvR5HDWqrAov5p",
  "npm:http-proxy:1.18.1": "QmVQ1X3uos8bZ86pyCNwc6zLyeAq1SdqVXAeFmSDgSo95T",
  "npm:human-signals:2.1.0": "QmYcfXDYDVoW66hzjyQcCtjYsk3w9iLdL3fDc7VwhaEhUK",
  "npm:iconv-corefoundation:1.1.5": "QmdYyfX291a5YjxbSLDY8eTcr3XW4T7jgXCFEWCh98br6G",
  "npm:iconv-lite:0.6.2": "QmascRJWeiHWF5tYiqq1n7dDcGXX1YV5jRvKeEC3CrtNAd",
  "npm:ieee754:1.2.1": "QmcuDGFMXP877Mg3JSPdhTmCMH2zVSEv9kzZscfGQtQFjs",
  "npm:immediate:3.3.0": "QmTGn9ME6wWnLUNCcvMm9zQ9fHGCPs8XNptqp5zFLo8D5A",
  "npm:import-lazy:2.1.0": "QmQXjpFSRs7C9Pjs3wEqBTBy2tAkNpH8eynSaLfyogHgd4",
  "npm:imurmurhash:0.1.4": "QmRHMXdK4F3u1UbGHQ9yQ3oBp2k1jrqJLckubEzmxkmPbY",
  "npm:inflight:1.0.6": "QmXFPYNfZMNA12TJivqERdzA5XmuEcQwGWeG5bW7gvQ47C",
  "npm:inherits:2.0.4": "QmUscE2473BTP7A35iaB5dgbNLp4m5wqQuLZBenPv2ZZFM",
  "npm:ini:1.3.8": "QmRmekjuJPawDq3oeMRWs5EEXV5FhG7dmGyxNkaGCCCd5m",
  "npm:ip-regex:4.2.0": "QmdJa6DnW5uH8HiJwNsEYkfX6fTgmuepaQ3sdtNahJfZme",
  "npm:ipfs-core-types:0.2.0": "QmZpzVpBWNXpGxB9rXMrpTJfS4KzzVxXSjbaMv2VQDYHU7",
  "npm:ipfs-core-utils:0.6.0": "QmQZsbW1FRoZA6c75KawuRsWu9WcJryQ8ohZFGtJD3ZVKr",
  "npm:ipfs-http-client:48.2.1": "QmcAvRkqjq1ZS39jyiVEH1PLuXdm8xeSc9FtvFa6QJv8CR",
  "npm:ipfs-http-response:0.6.1": "QmYYAxbJuGzcW7ZkkLpe8u8iLdpKCd9DdSQ4epzXVLiNkA",
  "npm:ipfs-utils:5.0.1": "QmQrQVuMMEgUY39WoyXsGe4FsBFp4CsfFsRbUxG6sQDxbT",
  "npm:ipld-block:0.11.0": "QmaqFMkQJuDGjzeRx66b64nX56JeaYDRif3ny88WLNWc6s",
  "npm:ipld-dag-cbor:0.17.0": "QmbL8uzM1wysPBGghktKVmrf9zCcvuxyrtAQzuKywfWrZz",
  "npm:ipld-dag-pb:0.20.0": "QmQnccQ637c2ayP2t3PnX2C7g2EVm9WFhWcZGbAChGi1Ea",
  "npm:ipld-raw:6.0.0": "Qmd3whXLiVZX2xgSgimiDNSDm155W2upvH5Le5UPd3Lzzx",
  "npm:is-arrayish:0.2.1": "QmbHQr8YcqM1j8qLVP98HKXcDCBgCLc1tC6RRtkWmYcg6v",
  "npm:is-ci:2.0.0": "QmaLWi4nXWzQ5TC7UsZ2YU8H2zEGpkDbr261KTEE7xTU2h",
  "npm:is-circular:1.0.2": "QmR6chfin98ABdvy1h3DoRbUGa89SxF1fzqtcFM4mfgrbn",
  "npm:is-core-module:2.2.0": "QmcRwKo7S9bmqFNg1oH16AYmP2eBejbk7dsgft69jHvhKc",
  "npm:is-deflate:1.0.0": "QmbznwecaSo3ieAme9rUqdnc3Gb3b1tFu18CtChsrxTWMm",
  "npm:is-electron:2.2.0": "QmT7MkaVQr5RZ2r3AS69hQWpF3uYb6LdmAvDS33qRjghdS",
  "npm:is-fullwidth-code-point:2.0.0": "QmbzcMFtCqCNbERM7MxHSdS4KVG9Tr74GyTzBhfaSVeHWN",
  "npm:is-gzip:1.0.0": "QmUUcxzniqA7ctRjjYdwgsnSJA1Mfj2DCwARhjN68UKJUL",
  "npm:is-installed-globally:0.3.2": "QmeNyss874XxLq5BKqivKdfbKUHR95X2H34NcZ6eMUR5Rt",
  "npm:is-ip:3.1.0": "QmNqoVcY5ckeZYP7HoKrC4hkJ556MuDSLcjvaD6zxez1Mr",
  "npm:is-npm:5.0.0": "QmUL1KMetbUAKprryUhq9srgF4D3Zu1tJMmV1MADAuZ4o7",
  "npm:is-obj:2.0.0": "QmVHiM4wdWaD4anqDKCEcnMYkp1Lg8deSB2o1GFxpZY7Ne",
  "npm:is-path-inside:3.0.2": "QmePdjSx3Cn5eX1ARmYzG4WuhBghWm8ww2uZZQSLJXB97W",
  "npm:is-plain-obj:2.1.0": "QmZzfmUt1GPg7EF8iGUp7Bb9iHYnB4Yo1fq22Kv7dRUm7s",
  "npm:is-stream:2.0.0": "QmYy2cTbP5YMRzwdLG3MH65owhQLt5PQxMEWuXuvrdaWPx",
  "npm:is-typedarray:1.0.0": "Qme6krDfnyEjC9ohBdL6zA8JBLHW6Ps32H3BbYwbeFEKJo",
  "npm:is-yarn-global:0.3.0": "QmXzHf5Ab57LeVpcHsyHQopBh4RvDwduB7ofs4wcgSfphR",
  "npm:isarray:0.0.1": "QmYmd7CuZAYsRLnhuTDDWAomhKAEcJivigVmunrQ6azdMi",
  "npm:isbinaryfile:4.0.6": "QmehqBeuFqe7DXghM1Civb2qRFdZBUtoGR6mjMYT6NEaHG",
  "npm:isexe:2.0.0": "QmUJzpt17LpMcAVvC2mycsiB1jQCxQN9Lh7KHMduaEyrAx",
  "npm:iso-constants:0.1.2": "QmUxuBqnRaNAJSbx6UBhRp3YUgkUn7GUZeCwgQ3K6DkEZ5",
  "npm:iso-random-stream:1.1.1": "QmZYJJhE59k4dLk8UaTbdSAB91FFU1rYnpybgePuTC44cY",
  "npm:iso-url:1.0.0": "QmWYJaiNfhcovaCPworCb4fZPLnhiuEkEYcX1XUT4Qce99",
  "npm:it-all:1.0.4": "QmTwLUUgpJLwmePKoWZnZJrFyCWWabHGLxU5F7sfn7vzES",
  "npm:it-buffer:0.1.2": "Qmen1fjYKzYzudVPfMmvqbDcRd7HDJpveQzbmzWfXNRpA7",
  "npm:it-concat:1.0.2": "Qmbz72V6ZvF1mm9RxZrJd9wRrPgBSrJhqB4VFQKimirCDb",
  "npm:it-glob:0.0.10": "QmX8qef7RU9JdAbkvdpsNrWNe2BRLFNbnawMQRFj8KQD8C",
  "npm:it-last:1.0.4": "QmRbtPS8aQDHQmjXdg2q1VxTgMB4jn6fqZ9RDmVP3iqBkL",
  "npm:it-map:1.0.4": "QmdNe6Mk67dr8fhfBRfiVRX1Y9w5XsgPHSApnp4Hdoycsp",
  "npm:it-peekable:1.0.1": "QmcPcLRbpeFzjTYcdew5TH2mSmTvJtRKdoFeBxLVk1ZKKc",
  "npm:it-reader:2.1.0": "QmSAF4FNsmowxnxcXnmRExJy5uXfAiNuFokvu9f9mmyaKc",
  "npm:it-tar:1.2.2": "QmQkBL5BCGhAbak7UoMxQVKXc55Xw3EmcjBRsBAxDX9J1d",
  "npm:it-to-stream:0.1.2": "QmRkiYimzoECMczFUcioTx6r9i7gJvw4ziHa7VzhwPSAad",
  "npm:jake:10.8.2": "Qmc7gzAiDkKU97C4ig4y7EV4M11jctkhq8jfUHDg2yqzF7",
  "npm:js-sha3:0.8.0": "QmcFcghr8AeTEQBJritnLmR3HZRGEPM8fUGf7pnGPWcZYc",
  "npm:js-yaml:3.14.1": "QmViEAXPHrg3YDwr8BXJYGcj9dsfaKhjMge8few4mv2GZa",
  "npm:json-buffer:3.0.0": "QmSQ9NDj4phLt6Z4qwDUHKZ4o26KGNXiBbYZdoxZkptTwV",
  "npm:json-parse-better-errors:1.0.2": "QmV5we5XVfh6N83eQTFG36jwiBxBb1ZAH5SKY4sUb4aWao",
  "npm:json-schema-traverse:0.4.1": "QmbMRP77nEbhrcd6vR8ZbsbdAAQwB6gMB9uJ694FU3e4DZ",
  "npm:json-stringify-safe:5.0.1": "QmTMivNeYdL5r7b8xRki1akm5Kte4KzEiw3WV6TrFuy7R4",
  "npm:json-text-sequence:0.1.1": "QmP9rswTe3cz9rvuypqktr5Bw3LTqR5wR9s8GUMFnfADnP",
  "npm:json5:2.1.3": "QmfWVQauEcC79DqzjWhpQSow3aepqm4bwFf7pjKZeokrq7",
  "npm:jsonfile:4.0.0": "QmZU9Jp5ejNgJGpn1fZ6ZxL2dnr9T8yeLj7PPfL9grSzoE",
  "npm:keypair:1.0.1": "QmXVVNx6aunQkkM7wQbeKdm9R6iPFc7xXRt6tFV5diNGgP",
  "npm:keyv:3.1.0": "QmTtNGohVRba6w5EeSAUyVCioBpzmBFscZ7zhHXUb3e68x",
  "npm:latest-version:5.1.0": "QmdCiaoCSYo7PYvSy8cGo3waV2rNG7KBNgHXmupX5r4a73",
  "npm:lazy-val:1.0.4": "QmfDSEaQfPzy3XVGXz2teppuXhU7qhaJBwwjmdWZUuwJoR",
  "npm:length-prefixed-stream:2.0.0": "QmaKVSNTqAaT8QQT7tPzK2cKeq2HuXRBCQqihw5w3542Nx",
  "npm:level-codec:9.0.2": "QmaRcjuoqidrAk9Zvyfv5ivWtcqtrWXbeRJg33E5qkna4s",
  "npm:level-concat-iterator:2.0.1": "QmZ9wXEf5F7w1qaATTNK927W5SQCyMSs2M8z81EATbZ46y",
  "npm:level-errors:2.0.1": "QmZPFxBFCAKhriCnFPTi8N8Bj7FcfYYWEP5NESqJmq7kkX",
  "npm:level-iterator-stream:4.0.2": "QmVFepbevikHm8hzEHerNyfK3H3J5ukXmryUKWAY2JzaeJ",
  "npm:level-js:5.0.2": "QmTMfGSk6Ags2vj3k1zRaMn4nrBiYkauaUFj4zCdv3WkrT",
  "npm:level-packager:5.1.1": "Qmea1jKrhwMkBSkv8xzPsUX8vBrJzFmwEUACAUfpohHzhv",
  "npm:level-party:4.0.0": "QmP4u8dzVTACZANwrNcpLchiatxcoycWv957UkBaXdT4vs",
  "npm:level-supports:1.0.1": "QmRAJHv4tfiYATGDbVZkRBXRWHPcgxiQZsx1fhovUMYGMg",
  "npm:level:6.0.1": "QmS39WgPYHHWjStnQN8adJtMJPkVM1SUNXMYq1dMRZ6CLj",
  "npm:leveldown:5.6.0": "QmegHaT6FADGBE5sTdJxu9oCm8XCudHL2hY55Rjg1CzroD",
  "npm:levelup:4.4.0": "QmfRmxFafzb7tz3W3GYPdqTSZkPRncqCa2emxAnbeRDP4e",
  "npm:libp2p-crypto:0.18.0": "QmaLUyRZQz9veBhDCEdCAWHfesRLsNb5DBVpmKQYgRrgWY",
  "npm:load-json-file:5.3.0": "QmPdGm7x5GuMkAdy4pj3FNcpvyvC3p6a9gHX6Wrzd4R9iY",
  "npm:locate-path:3.0.0": "QmV8KPL5CeP2ga4estZutwzZRAyyPDU4CuwceTTpXpg3uQ",
  "npm:lodash:4.17.20": "Qme2ZGwDHSeqNf1NMJ927wAZozH9xsN4fMVMJaYkqvjmqo",
  "npm:lowercase-keys:1.0.1": "QmUaJZ8nfAPLyC6zGYbvxGfPkmnzs4BcxXECHYyXsiC7Ea",
  "npm:lru-cache:6.0.0": "Qmb9eDUHE5NeCC4612nkCwKRZdVufh4xrhMSSU9JUx6A3n",
  "npm:ltgt:2.2.1": "QmSxTBwinnaHgGPznFfVnJLRnh3tauXgPSS8qwS4a8U6px",
  "npm:make-dir:3.1.0": "QmQab9oG5sLJBT1UnoK2KwKPCTJXprkniZERC1pbSZNNgx",
  "npm:matcher:3.0.0": "QmVe1bSsG4u2oNwF9TxJ8XqUpkWpCZVFNrUeYXpgFCXEVX",
  "npm:merge-options:2.0.0": "QmZQuERAWnoWV7SNBb1pwxqa5xYaJJbv37QECqP9jFSjpR",
  "npm:merge-stream:2.0.0": "QmXzD5WxXZCeZDDuouwVtiasWXQCQwjXRY5nHUyNosWXJd",
  "npm:mime-db:1.45.0": "QmQwzT2yYTVeeTjKtkdi6xrL5c2gzZNXQw8iaF2qibmUyp",
  "npm:mime-types:2.1.28": "QmPbP779zSCmwVNVQDKxHtBCuAkisjjSBp6wPcrvcXEdM7",
  "npm:mime:2.5.0": "Qme396rRpsAobZde1K1iQRecf5zS9qVToGyx57Un2ApuQj",
  "npm:mimic-fn:2.1.0": "QmS59LBRRN9NHxWBoB9gFDgegD9WSa8XuYnUZXL9dQMoTN",
  "npm:mimic-response:1.0.1": "QmY5ung1tLp44tTWV1NpNXVcLM4DhGtiRXy2YWvvwRuztW",
  "npm:minimalistic-assert:1.0.1": "QmZr4zV3CeomPMaUFcSThEYEqLfxrAieFRkijhG7iGBJP1",
  "npm:minimalistic-crypto-utils:1.0.1": "QmWsejJhz5JKv6Kcy6QxszPBD3HYw8sCZqErNuVf45RaeG",
  "npm:minimatch:3.0.4": "Qme47yUYEuM4EpeQcBwdZ8dM7FE1cpEqZeYXxDCB57vYvo",
  "npm:minimist:1.2.5": "QmNn2bmACWVsEnzPgtuo5nsuVQrGeNUsZQsp53Znmo4VzS",
  "npm:minipass:3.1.3": "Qmf5cypggGNmJTVXFoDL2MgUNHMFwBuDj4uKAV3YFXWjsq",
  "npm:mkdirp-classic:0.5.3": "QmNQRi7CW374fCun5dr3FAJDfjrjykJ6fWQUXjYehupZAc",
  "npm:mkdirp:0.5.5": "Qmaiv8Q9i23awWekrEu6j7BwYCTgeQwsZgYLrrvEUutAJe",
  "npm:ms:2.1.3": "QmYbRCUBFbxPZWpXcd1qg9BhYpbrUq6rhpAevR6jn6QMXc",
  "npm:multiaddr-to-uri:6.0.0": "Qme7mhvbk9cAkApMwMK9BN47pyKTGGHqtkb45rxhA6Q3xc",
  "npm:multiaddr:8.1.2": "QmZJpNjFgNUCA9UnA8LcQcW2Ygzv7NawtSKXSXCJumCQpQ",
  "npm:multibase:3.1.1": "QmXwxkU7YkABQ5UQ4nLqauVn6vk26evowbaMr2V2P96yrT",
  "npm:multicodec:2.1.0": "QmcTj84RdzetwSqLUjSMReCTUoWsuZMmiPM44oof6XekFW",
  "npm:multihashes:3.1.1": "QmdN5P8cEA71f46nH3U4zAWZzKJm4wwzq67U93ieHdY11t",
  "npm:multihashing-async:2.0.1": "QmdLBvS1BvPc1az89m24tdPMpB3fxgEBsUCm6duD8Pxx88",
  "npm:multileveldown:3.0.0": "QmNNCjTDrowqeLQTGVZnPYsNys5iLBMvQVMzh1xTTArEo8",
  "npm:murmurhash3js-revisited:3.0.0": "QmTDpLvQ1c5SXZZmbtMmngL9qws9jXNhhxLyYEUbyT5pZ5",
  "npm:nan:2.14.2": "QmZK6rYtX4JgG8hrtNGMTyzwSPBNRkgUHBXztMuaTVXdBv",
  "npm:nanoid:3.1.20": "QmbGEuTJLSsdyDdcnugjnL7rBqzQpuUPECgifhsTRVM6QV",
  "npm:napi-macros:2.0.0": "QmbTRyr73ixz7yjw7KNcWSQo1gTFkVSQU5FAExMEi35v2R",
  "npm:native-abort-controller:0.0.3": "QmVb35QFgsPTZjgS2BnGFrBxyKmVkC28iuGYYepcppKGp6",
  "npm:native-fetch:2.0.1": "QmV78veK1Y3x7ags1ogFHqMgzuR7JNgeT23iUCDfQEDe47",
  "npm:node-addon-api:1.7.2": "QmTYbvzeNPbpzd4NSWHJ6Ex8YAGs7evea9HSa972JEc4N8",
  "npm:node-fetch:2.6.1": "QmQybHWcSqHSiCDBXjTTgZ6a9tmg7zs5YXX63ABF5N2QMN",
  "npm:node-forge:0.9.2": "Qmb27C3Qdn5jbbeFjBe48rNjxoy3DR6S2Y79LD1Ft7eHc3",
  "npm:node-gyp-build:4.1.1": "QmeJjXe2RvtWtHWBWyNabjcTzf2hqVCYpcSzzpx7kgxY9E",
  "npm:normalize-package-data:3.0.0": "QmamQx6euuzRCaRm5geQfom1nSLxKBtsTw4rssAH7ZeX3z",
  "npm:normalize-url:4.5.0": "Qmaf5m42W9c2rLqsG5TdpXEc4ezqSHtZkz3UXRUGY8Hw9i",
  "npm:npm-conf:1.1.3": "QmVyVEVvi7hhFx1SnzBnHXE77a6hfmr6assceebcDWyQuT",
  "npm:npm-run-path:4.0.1": "QmQrubczUxGcVp2toZ7kENErWX9U6hYVsM7MFj5CN278zR",
  "npm:numeric-id-map:1.1.0": "QmZBrpbd2a5oRXwr4iUijK8dmHt751pu79uXz27ZnCkXkn",
  "npm:object-keys:1.1.1": "QmdK8P7xvdWo7a3zgUax5hVqb3HqG7jVuYXZc6a5uQy2mJ",
  "npm:once:1.4.0": "QmWWjSDGUkm8m5pYvpoigNDLD9WvpVtZgd5cLmxTwRidHj",
  "npm:onetime:5.1.2": "QmPywXHm8a3FzJAbTmQjYPExeMXsxpkmF18BaSKcP7Nriz",
  "npm:p-cancelable:1.1.0": "QmQhLBLx7ixTtRXw3mBmzqBdoNrJXFdTwyDz8U3TMX4nEB",
  "npm:p-defer:3.0.0": "QmSZhc6Eef33JvUarxRTGTkmdJ3u3SNKH3AseRGjgk4xpu",
  "npm:p-fifo:1.0.0": "QmR1EzA58wAehuPtjBix5LEAwUyTWDkgYuWT7fHuhyrq6N",
  "npm:p-finally:1.0.0": "QmZE2pUCuZvSFVJh9k9jbvuUCgh3dD3kbuzcj9E9fje6kf",
  "npm:p-limit:2.3.0": "QmNXCM9ShGSNZkrxnP3Do8Ea7mtx2sUBLrDKaPKUB1ouvV",
  "npm:p-locate:3.0.0": "QmZatTeTEgZR6b1YVSzBgNZPRMU8StPL1uokqixdgSTP96",
  "npm:p-timeout:3.2.0": "QmSJUqYFkdbynxdx3A291sAA9Euj8zHVoSdi6E4wEBscKU",
  "npm:p-try-each:1.0.1": "QmUeuAQVbHPwGo41ghwLGw8vVyP7tmjN5FqVZQMF4m1zKq",
  "npm:p-try:2.2.0": "Qma1aKgTji6Q43Vm3R5i6g2dGigwRNKdXqDNUZUkSZdjnv",
  "npm:p-wait-for:3.2.0": "QmaXVSHLefp6g9NDTyTWR3K7PkN3rqE7dFMZM9H5tnvN2i",
  "npm:package-json:6.5.0": "QmPjCNFqsYyH8e32duAXRUw6j4kBA2EUJQna4vibyjcb9C",
  "npm:pako:0.2.9": "QmWnYT9jmmTRccicuLVKePrkZGdjESFvdrvvjFaPzn9fYG",
  "npm:parse-duration:0.4.4": "QmW4mRyYuFzmxW9FoPNUbUDLvgDBnQU4fQJrSA1PVmB1AL",
  "npm:parse-json:4.0.0": "QmZBDXhgRJ6RsRNvsEZtG5TLMqNJywpgrLJvCJzp2mZJkR",
  "npm:path-exists:3.0.0": "QmWNcRMMBgXzzxaon8WTwofjve9hJVArMUXu5YVjR1T9De",
  "npm:path-is-absolute:1.0.1": "QmfUoYkfASJdZUF2YMXnpg16mwASi94KfWPpno5PSpreXY",
  "npm:path-key:3.1.1": "QmPZYbH2LA2EPMYA37m3EyC2ijkKA3GYaeQuLjeW28W5gz",
  "npm:path-parse:1.0.6": "QmfJfAyEJYLrpdrHKBJSTTGHxxsNcqAsnUKFZc3cjnycJh",
  "npm:peek-readable:3.1.3": "QmQW2TxHuyUvFtuKtjqcoTsnunBU7ECfon6FDFGi86K2C9",
  "npm:peek-stream:1.1.3": "Qmf7j21H1BaaJb9oqGYe1pCCHTuXi7ABBDJtD9G1y77ZsM",
  "npm:peer-id:0.14.2": "QmRktg4mBZTUkiAFMbESturKeSWEUcg9mPVGdgbNbtjayX",
  "npm:pem-jwk:2.0.0": "QmWb2J8Kzh2EWC81xXNaLUk6Aepfvk2EV4id8GCxk9m3UB",
  "npm:pend:1.2.0": "QmTcvYiMDBykcej8jy4r9nRZX2D3uvosPGBDxcmR1y7Qqb",
  "npm:pify:3.0.0": "QmZp3yLsnm32J8FSXLzuMp2baqBrWXHVGY62KNmNb1rHwo",
  "npm:pkg-conf:3.1.0": "QmcFPk5p1pCPHQZyp1k1cwgAN6LQckyJDPGiQYF5vdZxLJ",
  "npm:plist:3.0.1": "QmNuYcmUrGxQk2vYJBVubcqpwt12CnYcJpnKRXyTHpeuTB",
  "npm:prepend-http:2.0.0": "QmZzW3SdXNXVW5yjrqeXWgpERdp1g3fQ3LFQ7LtazLxaME",
  "npm:process-nextick-args:2.0.1": "QmWd8eyoYpqtvQsdpa5sPvUmF7uLxzGFbCr88fT9NZFDWD",
  "npm:progress:2.0.3": "QmVvhj4cVgGZtmB8Yu6BXCbEMagzFaoXouh65L1cFewciB",
  "npm:proto-list:1.2.4": "Qmbyz6stdT2dJnLHpPXWkC6GyKRo1RPhhe23FswRPFJ68K",
  "npm:protocol-buffers-encodings:1.1.1": "QmRpCnfPwkNwTQBeEKEJB91Unpx4uHcZ1akLw1QLUZ82rc",
  "npm:protocol-buffers-schema:3.5.1": "QmeZ25tE9zqBcijXQ8KGDXvYcoTEFBimLbp1vYysjKq4v1",
  "npm:protons:2.0.0": "QmfG54zxbTCxWXS3b4XwFnvwgnEqZtJbYzN2YSK7zeugMJ",
  "npm:prr:1.0.1": "Qmc92xRnsdgJwZtM2Fy3VPchkwk6gBHEsgb4aRKM4mrDy7",
  "npm:pump:3.0.0": "Qmf85r3Uy86uXdFCHxrJ8i7imLcL6roCsM4WPyb9XSwNYH",
  "npm:pumpify:1.5.1": "QmWSsYe4AWjmk79X25t7ELH8zdgu9hA1caWyb8V5ZkKGfm",
  "npm:punycode:2.1.1": "QmZgT5SJP7YhaWbtVLvACr5j6QxBK8dzgnTXqAE9bY5T1Z",
  "npm:pupa:2.1.1": "QmPtgJQP2Md2Ut4owWJMCHFd4NAd6ZfZZ843EoxtCjtrYY",
  "npm:rc:1.2.8": "QmVyjr5NyXwvk783vChRNB8M2khmNoiPeozzPtBijmAkoC",
  "npm:reachdown:1.1.0": "QmcjpT8VdSjUynx5SirVgmMUqVWjiQqN4PYi5UN4uyyCjf",
  "npm:read-config-file:6.0.0": "Qme3gixMdu4RR9ndmYSkbZ8JmaxDancQFjeVgvHo8ugz2f",
  "npm:readable-stream:1.0.34": "QmcYLq67CDsV3sYdXR7oa2Q39oZSqCySV8YQAg7ggUyS7q",
  "npm:readable-web-to-node-stream:3.0.1": "Qmdxuoeie2TqL1GUp9z8syuxNJSJ83Pf4BHiUYdWfneK85",
  "npm:receptacle:1.3.2": "QmVSFR3XfHubpe64w1nUvLVADP68x9G6TBhvqGkrZ2juvC",
  "npm:registry-auth-token:4.2.1": "QmNh4CvfDiAtSZviW9w7x69dvdESuUVi4dtouUbU4K6Dc8",
  "npm:registry-url:5.1.0": "QmTqCCt5ygY8WNEHnr796TbYMsBfmx1P4iXqHci7kHcsob",
  "npm:require-directory:2.1.1": "QmPj67g5fS9XtFL7WBjKGXCsBsgSzJTpGoWiM6nVc1kMNQ",
  "npm:requires-port:1.0.0": "QmNyoDRwxzaAshb3xDMJMBmwCxURD8KbsfWvLRG9J5yrZH",
  "npm:reset:0.1.0": "QmZjVQc6ffgnuuQP29tX33MfCWLcY5uPjVKHaNk6WTvhZw",
  "npm:resolve:1.19.0": "QmZLo1Y4dZPNAAUe5WY4F8iZmwdfKEZWKdQwfMtxJSQa2A",
  "npm:responselike:1.0.2": "QmXeQoFyuEkduHMzj6MwWCsHJYa5RuTop6JLadFmXh4KK6",
  "npm:retimer:2.0.0": "QmZUp4KU6BRnJATER8RioXxbzEr5h2SrRxVXJKhoQZzFun",
  "npm:roarr:2.15.4": "Qmc3w7M3gEirJhuf8cx7s1Y8qF6wqrqucvEBQ1TcBSPwPf",
  "npm:run:1.4.0": "QmZsvmtj2d2SMnDXPEDo6McRz8eWEJ4Z5B5xKv3Z2bS2wo",
  "npm:safe-buffer:5.2.1": "QmZH4qCrEAmHX86CANf1M2bqnPgY6dv29t3NUWsG7x5ghu",
  "npm:safer-buffer:2.1.2": "QmZVwHiJ2kaQ1c3pEhksXBs2eg1ybRQ7gbVVn3bAQK7g5w",
  "npm:sanitize-filename:1.6.3": "QmYQiANNqzX2hoCfBiHEWKqwfoiko5Jv8iw1wQrCEH6Zp1",
  "npm:sax:1.2.4": "QmQZE3P4KXAcsHpjSi1sZnaS16G8GLekP6QUcf67zjFvkK",
  "npm:secp256k1:4.0.2": "QmPqzYYEQbMbUNMSGAK1Hys34PxP7uYogvjRcZsX2G1W5H",
  "npm:semver-compare:1.0.0": "QmT7J64Yz68SogrBZE7kuM1EdYKSSYWwpJMdJHE2CZh5Jm",
  "npm:semver-diff:3.1.1": "QmXaVpSWScLAstpUTHQbSW4ZY5zu8RUCkahcM1Pbretr76",
  "npm:semver:6.3.0": "QmeLqbifjfaAn1nH6QCWxfn323bMxMRddLckjoPMP6efF9",
  "npm:serialize-error:7.0.1": "QmPHu8Wj8BVymjZegW8SQNTBKS4uTkym7EcsUUcCRFYtBP",
  "npm:shebang-command:2.0.0": "QmdDDy6xWDrWbk3uLdxbiiYtYM7F4gJg5Ajv7XpoxLCndz",
  "npm:shebang-regex:3.0.0": "QmTP3qosa8C5fHKPcak5gqEEasnUM8dNdkCwkAFAC5yw2n",
  "npm:signal-exit:3.0.3": "QmYhLkGEtW6j1zALQPdg2mWxyM4iUBR1LpQ5tZnqqY6VjN",
  "npm:signed-varint:2.0.1": "Qmaqux6t8JNoA2ZE5vZJATkui7Nm7S5b7URpiPGTssdrCC",
  "npm:slice-ansi:1.0.0": "QmfL9JXCBMtTB5jNbo32Ew1RWPSA8W13cGK776361AibXN",
  "npm:smart-buffer:4.1.0": "QmfBR5xdHaLsAcQ8w61xKmg7XZ3HqEPJ81LFPgsHTLjSfj",
  "npm:source-map-support:0.5.19": "QmfFKWz2DAs8kgAveEVwJmKjUPa7vQxM7SgQ1eQ2mHdkSZ",
  "npm:source-map:0.6.1": "QmVyeR51obCMs19rgZutaTg6iJUiZHj3AfzyR7NK5fTA8v",
  "npm:spdx-correct:3.1.1": "QmchkGksdBEZkTRupi7ju2ZoKSwsgVL8ef6WTeHQwPHWUP",
  "npm:spdx-exceptions:2.3.0": "QmSSH7dGYG6nJLSauLsQcW6V6bAb2YkEz4sE8KQwUvXmgS",
  "npm:spdx-expression-parse:3.0.1": "QmZ1E3cbk78jFLJWdcEMGJkxNoUi9kZBW7UNgPJVTQVZcA",
  "npm:spdx-license-ids:3.0.7": "QmRfwCydnerrXCe4MumB1F9qVm7hgdrJcmRQLyRx9zAzZ3",
  "npm:sprintf-js:1.0.3": "QmYJ8JkG8ZsPeq86LuSGZjxKdC6HcXQebiFQwkAnUzZ8n9",
  "npm:ssri:8.0.0": "QmX6iLJcPDijVFX4KFrcBhjh9sehXPqEN7kQ4pQAFKXyVf",
  "npm:stable:0.1.8": "QmNU7T8Z1kGWsGH2t4jmM9CvNpMjkuMEcHyqzqVFwuHqAx",
  "npm:stat-mode:1.0.0": "QmWBwNGQt4qrqAV2oLGwwDqMG4mWivXcaDjfaNxHzpzJgm",
  "npm:stream-shift:1.0.1": "QmTTUPgtmjdU3rTLeXWNrRAJWhWqMs51FGVE5iCZavw6Y3",
  "npm:stream-to-it:0.2.2": "QmcsGnD6PsvYymzQM9vDzoMa9ndZ6msBGQzVrQ22td8qGb",
  "npm:string-width:2.1.1": "QmWGSQJhQAwVLpTEV6hwGQYVSaxMsWTrLnpPWxb9Vs13yc",
  "npm:string_decoder:0.10.31": "QmStvAGkYE7FsYBs85aV2pm8hYW3JEwoko1pxAWDmjohpz",
  "npm:strip-ansi:4.0.0": "QmapSSjrFkGx69EZeohWmYpbSe1s477FQLssdiqUumJ3bR",
  "npm:strip-bom:3.0.0": "Qma7xyr4XBrM2dkNqwQfDW7RRNLMRAHeLfQNvPASaECTsN",
  "npm:strip-final-newline:2.0.0": "Qmcc6bgnWF6a1rNbbSHjc4GdQnKVxPPnWf8YZbFbaZ8ELQ",
  "npm:strip-json-comments:2.0.1": "QmPAMAc98iWfVYcdSzKzTP4MLU18VySpK65aaPRUmDBNmR",
  "npm:strip-outer:1.0.1": "Qmekxg7fm4KarCAFa2pzvxDGK1RzgfCV43qcBRKrDYYTPq",
  "npm:strtok3:6.0.8": "QmQ4WsNRzPdtJVfbm6waLCohCFEX3gkjFBzF6y7uxPgAAL",
  "npm:sumchecker:3.0.1": "Qma9iXMnZvcJV4pp2LWop6G6ED23AqDrB9isf4jEeYEVDn",
  "npm:supports-color:7.2.0": "Qmcffxe5NQxwswasMDXHExGy6tjbe2jujX3LGCWmLDHxFB",
  "npm:tar-fs:2.1.1": "Qmep5Xhm2WTsvnmJsS9ZkPcnJbBQ2f3x7php3a3MENAsM3",
  "npm:tar-stream:2.2.0": "QmPHTFDq5EUzHMUZc4Q4Y1wxYgbjjkUK7z1wpPg2fMaoRy",
  "npm:temp-dir:1.0.0": "QmZiqcaz5zjHBsdhBpJV4mfjhoUgUzSD1vR2vuYHEy14Md",
  "npm:temp-file:3.3.7": "QmVKpzQbdQ7HfeNATaDgUXYHW61d8da2Z5iHyYiGGqAVLn",
  "npm:temp-write:4.0.0": "QmPnqppE5CqdZLtZb1rtVX2R3rMb1MHDdE4NqoJthAGh98",
  "npm:term-size:2.2.1": "QmSbfYiLAVuMC2NuHtrxz5bpQHUsadYcSn2htnwDPvDJBp",
  "npm:through2:2.0.5": "QmUozZExz1bBRDnkqpe5cN2B1CSfP6iJx2SFrEPzmgvA9u",
  "npm:timeout-abort-controller:1.1.1": "QmdzPeqkh2oPMDY7BxVTiWbva3E1ke37ij35ssr69Mydyb",
  "npm:to-readable-stream:1.0.0": "QmRWhyYAzAkcBp2ohvEECz5uZZxrtUpaVQjD2m6JNMTDL8",
  "npm:token-types:2.1.1": "QmXhYdzJucyEzpZ1ZMX1utarmvp9GvcoRTuYCVyFW5ygZ8",
  "npm:traverse:0.3.9": "QmQbUWqR7vqiJSvibwdUj3Goo6pdy4rvvBz3zzQAAy3ehc",
  "npm:trim-repeated:1.0.0": "QmfDCRxiBtEE2FpaFoXThvgwb9omhujMRTvKx8qTgNWwF1",
  "npm:truncate-utf8-bytes:1.0.2": "QmVd4de2EdUWxymHymPgpJQXJYxf1mkznRSEgBQUJULBN8",
  "npm:tunnel:0.0.6": "QmZ21LM2WHyRH3ncTzFeTqLhvktbsorYAxZZGYoRCpBBX4",
  "npm:type-fest:0.13.1": "Qmba2t7wFTDxMnYDKyeDVQ8FCzEw2JGfm2jrDCAXfSqQTh",
  "npm:typedarray-to-buffer:3.1.5": "Qmb6YxYExtdvVdmp1oYrNxJhKU5B3KGTsZMchSAML9Fpsk",
  "npm:typedarray:0.0.6": "QmWV5jMqspnoZoXkXyNjEMLPZjjz2Arc8NAoMAbiDuRcSU",
  "npm:uint8arrays:1.1.0": "QmdhgsHVMgTFSLqrwoVZeyXon5WceGXhxsUp88mXjiaPGo",
  "npm:unique-string:2.0.0": "Qmak1Bz6rbPHFNqTjSDTUgSJoqqpRhDxhP2tUYuL3YxR7b",
  "npm:universalify:0.1.2": "QmYudFjR4KmofZAWAJ5nbcGT3nLrgHe5r8JjDz2rHNJ74U",
  "npm:unzip-stream:0.3.1": "QmSaoWNMRanqbv2Powe2aZzhdHaRSKzWDQyQnXuZ2stCV7",
  "npm:update-notifier:5.0.1": "QmRbgaLAhYqaHoc6nxd3VJKUScVDkmQXJeYPfsyPAXs96P",
  "npm:uri-js:4.4.1": "QmVhW7kP11LoJcFTxCRELJ83Ms3VpWkX9Hnfr9wKcCvavr",
  "npm:url-parse-lax:3.0.0": "QmfSgfyYchHPCYs1ihGkxvubvoWPd6erqqp9gtMKWLKvPw",
  "npm:ursa-optional:0.10.2": "QmSwM3XMb2hEtMCEFn6XQEzDP7ejpEJSvkRLipsRfDvyFb",
  "npm:utf8-byte-length:1.0.4": "QmP9aPwQ7TZQ1ft5FA81sVFMCM5EgZLA3VXD8EbDnzt8oE",
  "npm:util-deprecate:1.0.2": "QmevGWV3topJJRwRZNFQprCCyshs6rnhYC76UYz8fZUakv",
  "npm:uuid:3.4.0": "QmVvdbr7xYR3C2hv9CGjthwCbv2MuiGe1XRZtsAFz28Gme",
  "npm:validate-npm-package-license:3.0.4": "QmcTbMvyxdgGxJzfCmwhKx9SEtkoi7237g6HNoDSf31mWZ",
  "npm:validate-npm-package-name:3.0.0": "QmUEiJbygjD6vQize1YEhT1kfqfCPFShTxHMhh1Rz5W38t",
  "npm:varint:5.0.2": "QmVebNLvHtHfEKSZnfruyRsTiBQs3xEsw8VKgfsJry5v1P",
  "npm:verror:1.10.0": "QmY8iRgBoAmu2VvZhcNcMK1L5L5nc8iCZFuPqnnDfRiZFv",
  "npm:web-encoding:1.0.6": "QmZ4kjvCFpARUGRxnw77vXFXahTozbTSWoV4BGG4VukGH8",
  "npm:which:2.0.2": "QmXB2NETYaVeJKAGRCQc35dHAW9HyvNpwuvd4T8eziNaqq",
  "npm:widest-line:3.1.0": "QmVn2DXUcP9PN19m68gsBsc25sa3FxnRhWXz96RZZdnUyV",
  "npm:wrap-ansi:7.0.0": "QmbEbRsxVfxnFv8u791nh1hsrRUMZjHmkcoZSRKtF5P9Pz",
  "npm:wrappy:1.0.2": "QmWQFy4ZtYzqnVv6kAbBuCM1vYWpop9hjD7de8yYySAgi9",
  "npm:write-file-atomic:3.0.3": "QmPnK4CdqcpkAiaiPakoptFv824idxmfwi9HqPwG4SagUz",
  "npm:xdg-basedir:4.0.0": "QmV2daus1jMouivQhDUpdr439LwQ1KrjfMMqMjxbDbdXXH",
  "npm:xmlbuilder:15.1.1": "Qme6KUdcUUWmLs8epWVHq2Z8381rmypuKUfu9V1kKPTiAv",
  "npm:xmldom:0.1.31": "QmQ3CQUry6oaqMUB835M54y7AXYXXf4BkuBPuPHvr2LE5p",
  "npm:xtend:4.0.2": "QmWdfSDwTRdtsDH8dku6h5Qq59oZZ9CjRrEoZLjqTFjfRx",
  "npm:y18n:5.0.5": "QmdrWV1W37N141kreQUnyymonh9Kr4vzKWY73D7WF6mRgt",
  "npm:yallist:4.0.0": "QmPn5ikzkxW3QARw91CFZTZmrST9gNNyyfphkYi4W6aZBw",
  "npm:yargs-parser:20.2.4": "QmZNLB8G7o3wxZto78crLRv62vULQmt86dgVzdsRyz4fuQ",
  "npm:yargs:16.2.0": "QmXJvmJNeUYVNzKKsjV3w14yfasDt31yvyUJVav5fhrDKH",
  "npm:yauzl:2.10.0": "QmV31sAX3CqXg3ZQvkbo2cKfe7eBDAsL2TFbrd5syVBz3E"
}